PODS:
  - AFNetworking (3.2.1):
    - AFNetworking/NSURLSession (= 3.2.1)
    - AFNetworking/Reachability (= 3.2.1)
    - AFNetworking/Security (= 3.2.1)
    - AFNetworking/Serialization (= 3.2.1)
    - AFNetworking/UIKit (= 3.2.1)
  - AFNetworking/NSURLSession (3.2.1):
    - AFNetworking/Reachability
    - AFNetworking/Security
    - AFNetworking/Serialization
  - AFNetworking/Reachability (3.2.1)
  - AFNetworking/Security (3.2.1)
  - AFNetworking/Serialization (3.2.1)
  - AFNetworking/UIKit (3.2.1):
    - AFNetworking/NSURLSession
  - FMDB (2.7.5):
    - FMDB/standard (= 2.7.5)
  - FMDB/standard (2.7.5)
  - IGListKit (2.1.0):
    - IGListKit/Default (= 2.1.0)
  - IGListKit/Default (2.1.0):
    - IGListKit/Diffing
  - IGListKit/Diffing (2.1.0)
  - IQKeyboardManager (6.5.2)
  - Masonry (1.1.0)
  - MBProgressHUD (1.1.0)
  - MJRefresh (3.2.0)
  - PromisesObjC (1.2.8)
  - ReactiveCocoa (2.3):
    - ReactiveCocoa/UI (= 2.3)
  - ReactiveCocoa/Core (2.3):
    - ReactiveCocoa/no-arc
  - ReactiveCocoa/no-arc (2.3)
  - ReactiveCocoa/UI (2.3):
    - ReactiveCocoa/Core
  - SAMKeychain (1.5.3)
  - SDCycleScrollView (1.80):
    - SDWebImage (>= 5.0.0)
  - SDWebImage (5.2.3):
    - SDWebImage/Core (= 5.2.3)
  - SDWebImage/Core (5.2.3)
  - SVProgressHUD (2.2.5)
  - XFFoundation (0.0.1):
    - AFNetworking
    - IQKeyboardManager
    - Masonry
    - MBProgressHUD
    - MJRefresh
    - SAMKeychain
    - SDCycleScrollView
    - SVProgressHUD
    - XFFoundation/AccountManager (= 0.0.1)
    - XFFoundation/Base (= 0.0.1)
    - XFFoundation/Category (= 0.0.1)
    - XFFoundation/Marco (= 0.0.1)
    - XFFoundation/Plugin (= 0.0.1)
    - XFFoundation/Request (= 0.0.1)
    - XFFoundation/Tools (= 0.0.1)
    - XFFoundation/View (= 0.0.1)
    - XFFoundation/ViewController (= 0.0.1)
    - YYModel
  - XFFoundation/AccountManager (0.0.1):
    - AFNetworking
    - IQKeyboardManager
    - Masonry
    - MBProgressHUD
    - MJRefresh
    - SAMKeychain
    - SDCycleScrollView
    - SVProgressHUD
    - YYModel
  - XFFoundation/Base (0.0.1):
    - AFNetworking
    - IQKeyboardManager
    - Masonry
    - MBProgressHUD
    - MJRefresh
    - SAMKeychain
    - SDCycleScrollView
    - SVProgressHUD
    - YYModel
  - XFFoundation/Category (0.0.1):
    - AFNetworking
    - IQKeyboardManager
    - Masonry
    - MBProgressHUD
    - MJRefresh
    - SAMKeychain
    - SDCycleScrollView
    - SVProgressHUD
    - YYModel
  - XFFoundation/Marco (0.0.1):
    - AFNetworking
    - IQKeyboardManager
    - Masonry
    - MBProgressHUD
    - MJRefresh
    - SAMKeychain
    - SDCycleScrollView
    - SVProgressHUD
    - YYModel
  - XFFoundation/Plugin (0.0.1):
    - AFNetworking
    - IQKeyboardManager
    - Masonry
    - MBProgressHUD
    - MJRefresh
    - SAMKeychain
    - SDCycleScrollView
    - SVProgressHUD
    - YYModel
  - XFFoundation/Request (0.0.1):
    - AFNetworking
    - IQKeyboardManager
    - Masonry
    - MBProgressHUD
    - MJRefresh
    - SAMKeychain
    - SDCycleScrollView
    - SVProgressHUD
    - YYModel
  - XFFoundation/Tools (0.0.1):
    - AFNetworking
    - IQKeyboardManager
    - Masonry
    - MBProgressHUD
    - MJRefresh
    - SAMKeychain
    - SDCycleScrollView
    - SVProgressHUD
    - YYModel
  - XFFoundation/View (0.0.1):
    - AFNetworking
    - IQKeyboardManager
    - Masonry
    - MBProgressHUD
    - MJRefresh
    - SAMKeychain
    - SDCycleScrollView
    - SVProgressHUD
    - YYModel
  - XFFoundation/ViewController (0.0.1):
    - AFNetworking
    - IQKeyboardManager
    - Masonry
    - MBProgressHUD
    - MJRefresh
    - SAMKeychain
    - SDCycleScrollView
    - SVProgressHUD
    - YYModel
  - Yoga (1.14.0)
  - YYModel (1.0.4)

DEPENDENCIES:
  - FMDB
  - IGListKit (= 2.1.0)
  - PromisesObjC (~> 1.2.7)
  - ReactiveCocoa (= 2.3)
  - XFFoundation (from `/Users/wangxuefeng/WorkSpace/XFFoundation`)
  - Yoga (= 1.14.0)

SPEC REPOS:
  https://github.com/CocoaPods/Specs.git:
    - FMDB
    - PromisesObjC
    - ReactiveCocoa
  trunk:
    - AFNetworking
    - IGListKit
    - IQKeyboardManager
    - Masonry
    - MBProgressHUD
    - MJRefresh
    - SAMKeychain
    - SDCycleScrollView
    - SDWebImage
    - SVProgressHUD
    - Yoga
    - YYModel

EXTERNAL SOURCES:
  XFFoundation:
    :path: "/Users/wangxuefeng/WorkSpace/XFFoundation"

SPEC CHECKSUMS:
  AFNetworking: b6f891fdfaed196b46c7a83cf209e09697b94057
  FMDB: 2ce00b547f966261cd18927a3ddb07cb6f3db82a
  IGListKit: b826c68ef7a4ae1626c09d4d3e1ea7a169e6c36e
  IQKeyboardManager: 17a44c12fc47b1a0d3cbb8a89378953ac5ad8b1f
  Masonry: 678fab65091a9290e40e2832a55e7ab731aad201
  MBProgressHUD: e7baa36a220447d8aeb12769bf0585582f3866d9
  MJRefresh: ed450d6eb9d3346a2cb033ab7eb6de090aeef437
  PromisesObjC: c119f3cd559f50b7ae681fa59dc1acd19173b7e6
  ReactiveCocoa: 81ee2fb7df2dfc6bd52b5d70473662195e20ca7d
  SAMKeychain: 483e1c9f32984d50ca961e26818a534283b4cd5c
  SDCycleScrollView: b3c9a5ed840c771c4938978174c7c9d9feefeb96
  SDWebImage: 46a7f73228f84ce80990c786e4372cf4db5875ce
  SVProgressHUD: 1428aafac632c1f86f62aa4243ec12008d7a51d6
  XFFoundation: 817ee49c8d63dc9dda5d548797e7e0a164f132c6
  Yoga: cff67a400f6b74dc38eb0bad4f156673d9aa980c
  YYModel: 2a7fdd96aaa4b86a824e26d0c517de8928c04b30

PODFILE CHECKSUM: 663d2d87db85a5ee2c4cf0d755508219c539fe59

COCOAPODS: 1.8.4
