// !$*UTF8*$!
{
	archiveVersion = 1;
	classes = {
	};
	objectVersion = 51;
	objects = {

/* Begin PBXBuildFile section */
		0405B849266B564C000218A0 /* OSLogTestVC.m in Sources */ = {isa = PBXBuildFile; fileRef = 0405B848266B564C000218A0 /* OSLogTestVC.m */; };
		044EC964256FAC0F008B2A62 /* MyURLProtocol.m in Sources */ = {isa = PBXBuildFile; fileRef = 044EC963256FAC0F008B2A62 /* MyURLProtocol.m */; };
		044EC97A256FC4CA008B2A62 /* Empty.json in Resources */ = {isa = PBXBuildFile; fileRef = 044EC979256FC4CA008B2A62 /* Empty.json */; };
		0494670D25E109BA007812CF /* SDCycleScrollViewDemoVC.m in Sources */ = {isa = PBXBuildFile; fileRef = 0494670C25E109BA007812CF /* SDCycleScrollViewDemoVC.m */; };
		04A15C65260B46660084534D /* MethodExchangeVC.m in Sources */ = {isa = PBXBuildFile; fileRef = 04A15C64260B46660084534D /* MethodExchangeVC.m */; };
		7FCA1BB4B2CAB6F78F15E32A /* libPods-OfferApp.a in Frameworks */ = {isa = PBXBuildFile; fileRef = 447797FAC45F44447C6E5313 /* libPods-OfferApp.a */; };
		A019F015238E07E1007D2F2E /* NotificationVC.m in Sources */ = {isa = PBXBuildFile; fileRef = A019F014238E07E1007D2F2E /* NotificationVC.m */; };
		A019F01D238E0864007D2F2E /* YGLayout.m in Sources */ = {isa = PBXBuildFile; fileRef = A019F01B238E0864007D2F2E /* YGLayout.m */; };
		A019F01E238E0864007D2F2E /* UIView+Yoga.m in Sources */ = {isa = PBXBuildFile; fileRef = A019F01C238E0864007D2F2E /* UIView+Yoga.m */; };
		A019F043238F5C74007D2F2E /* RACObserverVC.m in Sources */ = {isa = PBXBuildFile; fileRef = A019F042238F5C74007D2F2E /* RACObserverVC.m */; };
		A03061C5236AE35C00E49162 /* BlockTestsVC.m in Sources */ = {isa = PBXBuildFile; fileRef = A03061C4236AE35C00E49162 /* BlockTestsVC.m */; };
		A0AB67EA23A0F47E0083219E /* MasonryViewController.m in Sources */ = {isa = PBXBuildFile; fileRef = A0AB67E923A0F47D0083219E /* MasonryViewController.m */; };
		D44C824C22B8E4C80001BB79 /* runloop.jpg in Resources */ = {isa = PBXBuildFile; fileRef = D44C824B22B8E4C80001BB79 /* runloop.jpg */; };
		D4672E3922962B3B00A5DE44 /* CrashCollectVC.m in Sources */ = {isa = PBXBuildFile; fileRef = D4672DC522962B3B00A5DE44 /* CrashCollectVC.m */; };
		D4672E3A22962B3B00A5DE44 /* MemoryObj.m in Sources */ = {isa = PBXBuildFile; fileRef = D4672DC922962B3B00A5DE44 /* MemoryObj.m */; };
		D4672E3B22962B3B00A5DE44 /* MemoryVC.m in Sources */ = {isa = PBXBuildFile; fileRef = D4672DCB22962B3B00A5DE44 /* MemoryVC.m */; };
		D4672E3C22962B3B00A5DE44 /* RunloopVC.m in Sources */ = {isa = PBXBuildFile; fileRef = D4672DCE22962B3B00A5DE44 /* RunloopVC.m */; };
		D4672E3D22962B3B00A5DE44 /* BaseViewController.m in Sources */ = {isa = PBXBuildFile; fileRef = D4672DD122962B3B00A5DE44 /* BaseViewController.m */; };
		D4672E3E22962B3B00A5DE44 /* UIViewController+Log.m in Sources */ = {isa = PBXBuildFile; fileRef = D4672DD322962B3B00A5DE44 /* UIViewController+Log.m */; };
		D4672E3F22962B3B00A5DE44 /* Sub.m in Sources */ = {isa = PBXBuildFile; fileRef = D4672DD422962B3B00A5DE44 /* Sub.m */; };
		D4672E4022962B3B00A5DE44 /* UIDebuggingInformationOverlay+Enable.m in Sources */ = {isa = PBXBuildFile; fileRef = D4672DD622962B3B00A5DE44 /* UIDebuggingInformationOverlay+Enable.m */; };
		D4672E4122962B3B00A5DE44 /* AssembleVC.m in Sources */ = {isa = PBXBuildFile; fileRef = D4672DD822962B3B00A5DE44 /* AssembleVC.m */; };
		D4672E4222962B3B00A5DE44 /* Assets.xcassets in Resources */ = {isa = PBXBuildFile; fileRef = D4672DDA22962B3B00A5DE44 /* Assets.xcassets */; };
		D4672E4322962B3B00A5DE44 /* RuntimeVC.m in Sources */ = {isa = PBXBuildFile; fileRef = D4672DDC22962B3B00A5DE44 /* RuntimeVC.m */; };
		D4672E4422962B3B00A5DE44 /* KVOViewController.m in Sources */ = {isa = PBXBuildFile; fileRef = D4672DDD22962B3B00A5DE44 /* KVOViewController.m */; };
		D4672E4522962B3B00A5DE44 /* RPerson.m in Sources */ = {isa = PBXBuildFile; fileRef = D4672DE122962B3B00A5DE44 /* RPerson.m */; };
		D4672E4622962B3B00A5DE44 /* CarthageVC.m in Sources */ = {isa = PBXBuildFile; fileRef = D4672DE322962B3B00A5DE44 /* CarthageVC.m */; };
		D4672E4722962B3B00A5DE44 /* ViewController.m in Sources */ = {isa = PBXBuildFile; fileRef = D4672DE522962B3B00A5DE44 /* ViewController.m */; };
		D4672E4822962B3B00A5DE44 /* GroupViewController.m in Sources */ = {isa = PBXBuildFile; fileRef = D4672DE722962B3B00A5DE44 /* GroupViewController.m */; };
		D4672E4922962B3B00A5DE44 /* CrashVC.m in Sources */ = {isa = PBXBuildFile; fileRef = D4672DEB22962B3B00A5DE44 /* CrashVC.m */; };
		D4672E4A22962B3B00A5DE44 /* NumberViewModel.m in Sources */ = {isa = PBXBuildFile; fileRef = D4672DF122962B3B00A5DE44 /* NumberViewModel.m */; };
		D4672E4B22962B3B00A5DE44 /* NumberItemCell.m in Sources */ = {isa = PBXBuildFile; fileRef = D4672DF222962B3B00A5DE44 /* NumberItemCell.m */; };
		D4672E4C22962B3B00A5DE44 /* NumberCell.m in Sources */ = {isa = PBXBuildFile; fileRef = D4672DF322962B3B00A5DE44 /* NumberCell.m */; };
		D4672E4D22962B3B00A5DE44 /* BugVC.m in Sources */ = {isa = PBXBuildFile; fileRef = D4672DF422962B3B00A5DE44 /* BugVC.m */; };
		D4672E4E22962B3B00A5DE44 /* CollectionOffsetBugVC.m in Sources */ = {isa = PBXBuildFile; fileRef = D4672DF522962B3B00A5DE44 /* CollectionOffsetBugVC.m */; };
		D4672E4F22962B3B00A5DE44 /* WebViewController.m in Sources */ = {isa = PBXBuildFile; fileRef = D4672DF822962B3B00A5DE44 /* WebViewController.m */; };
		D4672E5022962B3B00A5DE44 /* test.html in Resources */ = {isa = PBXBuildFile; fileRef = D4672DF922962B3B00A5DE44 /* test.html */; };
		D4672E5122962B3B00A5DE44 /* LaunchScreen.storyboard in Resources */ = {isa = PBXBuildFile; fileRef = D4672DFB22962B3B00A5DE44 /* LaunchScreen.storyboard */; };
		D4672E5222962B3B00A5DE44 /* Main.storyboard in Resources */ = {isa = PBXBuildFile; fileRef = D4672DFD22962B3B00A5DE44 /* Main.storyboard */; };
		D4672E5322962B3B00A5DE44 /* UrlVC.m in Sources */ = {isa = PBXBuildFile; fileRef = D4672E0122962B3B00A5DE44 /* UrlVC.m */; };
		D4672E5422962B3B00A5DE44 /* MyViewController.m in Sources */ = {isa = PBXBuildFile; fileRef = D4672E0422962B3B00A5DE44 /* MyViewController.m */; };
		D4672E5522962B3B00A5DE44 /* main.m in Sources */ = {isa = PBXBuildFile; fileRef = D4672E0522962B3B00A5DE44 /* main.m */; };
		D4672E5622962B3B00A5DE44 /* DoubleDemoVC.m in Sources */ = {isa = PBXBuildFile; fileRef = D4672E0722962B3B00A5DE44 /* DoubleDemoVC.m */; };
		D4672E5722962B3B00A5DE44 /* AppDelegate.m in Sources */ = {isa = PBXBuildFile; fileRef = D4672E0922962B3B00A5DE44 /* AppDelegate.m */; };
		D4672E6622962B3B00A5DE44 /* KeywordVC.m in Sources */ = {isa = PBXBuildFile; fileRef = D4672E2822962B3B00A5DE44 /* KeywordVC.m */; };
		D4672E6722962B3B00A5DE44 /* ClassVC.m in Sources */ = {isa = PBXBuildFile; fileRef = D4672E2922962B3B00A5DE44 /* ClassVC.m */; };
		D4672E6822962B3B00A5DE44 /* Father.m in Sources */ = {isa = PBXBuildFile; fileRef = D4672E2D22962B3B00A5DE44 /* Father.m */; };
		D4672E6922962B3B00A5DE44 /* Son.m in Sources */ = {isa = PBXBuildFile; fileRef = D4672E2E22962B3B00A5DE44 /* Son.m */; };
		D4672E6A22962B3B00A5DE44 /* CViewController.m in Sources */ = {isa = PBXBuildFile; fileRef = D4672E3322962B3B00A5DE44 /* CViewController.m */; };
		D4672E6C22962B3B00A5DE44 /* MultiThreadVC.m in Sources */ = {isa = PBXBuildFile; fileRef = D4672E3722962B3B00A5DE44 /* MultiThreadVC.m */; };
		D498FD03235D576600382842 /* SDWebImageTestVC.m in Sources */ = {isa = PBXBuildFile; fileRef = D498FD02235D576600382842 /* SDWebImageTestVC.m */; };
		E0FA401A26B2B93D0053B998 /* SJLogger.m in Sources */ = {isa = PBXBuildFile; fileRef = E0FA401926B2B93D0053B998 /* SJLogger.m */; };
		EC502DEC23A11143006FF5AB /* TestFrameworkVC.m in Sources */ = {isa = PBXBuildFile; fileRef = EC502DEB23A11143006FF5AB /* TestFrameworkVC.m */; };
		EC75789F24753138007EBB88 /* NetworkVC.m in Sources */ = {isa = PBXBuildFile; fileRef = EC75789E24753138007EBB88 /* NetworkVC.m */; };
		EC7578A3247673F4007EBB88 /* CycleVC.m in Sources */ = {isa = PBXBuildFile; fileRef = EC7578A2247673F4007EBB88 /* CycleVC.m */; };
		EC7578A724775D14007EBB88 /* NSStringVC.m in Sources */ = {isa = PBXBuildFile; fileRef = EC7578A624775D14007EBB88 /* NSStringVC.m */; };
		EC7578AD247CF32A007EBB88 /* CustomTransitionVC.m in Sources */ = {isa = PBXBuildFile; fileRef = EC7578AC247CF32A007EBB88 /* CustomTransitionVC.m */; };
		EC7578B0247CF3E3007EBB88 /* BouncePresentAnimatedTransitioning.m in Sources */ = {isa = PBXBuildFile; fileRef = EC7578AF247CF3E3007EBB88 /* BouncePresentAnimatedTransitioning.m */; };
		EC7578B3247CFBE4007EBB88 /* CustomPushAnimatedTransitoning.m in Sources */ = {isa = PBXBuildFile; fileRef = EC7578B2247CFBE4007EBB88 /* CustomPushAnimatedTransitoning.m */; };
		EC7578B7247F4997007EBB88 /* HashVSIsEqualVC.m in Sources */ = {isa = PBXBuildFile; fileRef = EC7578B6247F4997007EBB88 /* HashVSIsEqualVC.m */; };
		EC92747B243EC1C7003D44AA /* main1.m in Sources */ = {isa = PBXBuildFile; fileRef = EC92747A243EC1C7003D44AA /* main1.m */; };
		EC9274A624512658003D44AA /* AssociateObjectVC.m in Sources */ = {isa = PBXBuildFile; fileRef = EC9274A524512658003D44AA /* AssociateObjectVC.m */; };
		EC9274AA2459181F003D44AA /* MessageVC.m in Sources */ = {isa = PBXBuildFile; fileRef = EC9274A92459181F003D44AA /* MessageVC.m */; };
		EC9274AE2468DEB3003D44AA /* CopyVC.m in Sources */ = {isa = PBXBuildFile; fileRef = EC9274AD2468DEB3003D44AA /* CopyVC.m */; };
		EC98E3542473730100FD96EB /* OperationVC.m in Sources */ = {isa = PBXBuildFile; fileRef = EC98E3532473730100FD96EB /* OperationVC.m */; };
		EC98E3572473A23A00FD96EB /* MyOperation.m in Sources */ = {isa = PBXBuildFile; fileRef = EC98E3562473A23A00FD96EB /* MyOperation.m */; };
		EC9CAE5D24863C52001328FD /* NSTimerCycleRetainVC.m in Sources */ = {isa = PBXBuildFile; fileRef = EC9CAE5C24863C52001328FD /* NSTimerCycleRetainVC.m */; };
		EC9CAE6C2491D68D001328FD /* NSURLCache+Test.m in Sources */ = {isa = PBXBuildFile; fileRef = EC9CAE6B2491D68D001328FD /* NSURLCache+Test.m */; };
		EC9CAE712491E16A001328FD /* RequestVC.m in Sources */ = {isa = PBXBuildFile; fileRef = EC9CAE702491E16A001328FD /* RequestVC.m */; };
		EC9EB5CF2435B83C00328676 /* GCDHomeVC.m in Sources */ = {isa = PBXBuildFile; fileRef = EC9EB5CE2435B83C00328676 /* GCDHomeVC.m */; };
		EC9EB5D22435B8BF00328676 /* SyncAndAsyncVC.m in Sources */ = {isa = PBXBuildFile; fileRef = EC9EB5D12435B8BF00328676 /* SyncAndAsyncVC.m */; };
		EC9EFFEC2433321E00F1919E /* AtomicTest.m in Sources */ = {isa = PBXBuildFile; fileRef = EC9EFFEB2433321E00F1919E /* AtomicTest.m */; };
/* End PBXBuildFile section */

/* Begin PBXFileReference section */
		0405B847266B564C000218A0 /* OSLogTestVC.h */ = {isa = PBXFileReference; lastKnownFileType = sourcecode.c.h; path = OSLogTestVC.h; sourceTree = "<group>"; };
		0405B848266B564C000218A0 /* OSLogTestVC.m */ = {isa = PBXFileReference; lastKnownFileType = sourcecode.c.objc; path = OSLogTestVC.m; sourceTree = "<group>"; };
		044EC962256FAC0F008B2A62 /* MyURLProtocol.h */ = {isa = PBXFileReference; lastKnownFileType = sourcecode.c.h; path = MyURLProtocol.h; sourceTree = "<group>"; };
		044EC963256FAC0F008B2A62 /* MyURLProtocol.m */ = {isa = PBXFileReference; lastKnownFileType = sourcecode.c.objc; path = MyURLProtocol.m; sourceTree = "<group>"; };
		044EC979256FC4CA008B2A62 /* Empty.json */ = {isa = PBXFileReference; lastKnownFileType = text.json; path = Empty.json; sourceTree = "<group>"; };
		0494670B25E109BA007812CF /* SDCycleScrollViewDemoVC.h */ = {isa = PBXFileReference; lastKnownFileType = sourcecode.c.h; path = SDCycleScrollViewDemoVC.h; sourceTree = "<group>"; };
		0494670C25E109BA007812CF /* SDCycleScrollViewDemoVC.m */ = {isa = PBXFileReference; lastKnownFileType = sourcecode.c.objc; path = SDCycleScrollViewDemoVC.m; sourceTree = "<group>"; };
		04A15C63260B46660084534D /* MethodExchangeVC.h */ = {isa = PBXFileReference; lastKnownFileType = sourcecode.c.h; path = MethodExchangeVC.h; sourceTree = "<group>"; };
		04A15C64260B46660084534D /* MethodExchangeVC.m */ = {isa = PBXFileReference; lastKnownFileType = sourcecode.c.objc; path = MethodExchangeVC.m; sourceTree = "<group>"; };
		3EDEADCF0F9B431238999766 /* Pods-OfferApp.debug.xcconfig */ = {isa = PBXFileReference; includeInIndex = 1; lastKnownFileType = text.xcconfig; name = "Pods-OfferApp.debug.xcconfig"; path = "Pods/Target Support Files/Pods-OfferApp/Pods-OfferApp.debug.xcconfig"; sourceTree = "<group>"; };
		447797FAC45F44447C6E5313 /* libPods-OfferApp.a */ = {isa = PBXFileReference; explicitFileType = archive.ar; includeInIndex = 0; path = "libPods-OfferApp.a"; sourceTree = BUILT_PRODUCTS_DIR; };
		6EF2A1949D334438935EFF19 /* Pods-OfferApp.release.xcconfig */ = {isa = PBXFileReference; includeInIndex = 1; lastKnownFileType = text.xcconfig; name = "Pods-OfferApp.release.xcconfig"; path = "Pods/Target Support Files/Pods-OfferApp/Pods-OfferApp.release.xcconfig"; sourceTree = "<group>"; };
		A019F013238E07E1007D2F2E /* NotificationVC.h */ = {isa = PBXFileReference; lastKnownFileType = sourcecode.c.h; path = NotificationVC.h; sourceTree = "<group>"; };
		A019F014238E07E1007D2F2E /* NotificationVC.m */ = {isa = PBXFileReference; lastKnownFileType = sourcecode.c.objc; path = NotificationVC.m; sourceTree = "<group>"; };
		A019F018238E0864007D2F2E /* YGLayout+Private.h */ = {isa = PBXFileReference; fileEncoding = 4; lastKnownFileType = sourcecode.c.h; path = "YGLayout+Private.h"; sourceTree = "<group>"; };
		A019F019238E0864007D2F2E /* YGLayout.h */ = {isa = PBXFileReference; fileEncoding = 4; lastKnownFileType = sourcecode.c.h; path = YGLayout.h; sourceTree = "<group>"; };
		A019F01A238E0864007D2F2E /* UIView+Yoga.h */ = {isa = PBXFileReference; fileEncoding = 4; lastKnownFileType = sourcecode.c.h; path = "UIView+Yoga.h"; sourceTree = "<group>"; };
		A019F01B238E0864007D2F2E /* YGLayout.m */ = {isa = PBXFileReference; fileEncoding = 4; lastKnownFileType = sourcecode.c.objc; path = YGLayout.m; sourceTree = "<group>"; };
		A019F01C238E0864007D2F2E /* UIView+Yoga.m */ = {isa = PBXFileReference; fileEncoding = 4; lastKnownFileType = sourcecode.c.objc; path = "UIView+Yoga.m"; sourceTree = "<group>"; };
		A019F041238F5C74007D2F2E /* RACObserverVC.h */ = {isa = PBXFileReference; lastKnownFileType = sourcecode.c.h; path = RACObserverVC.h; sourceTree = "<group>"; };
		A019F042238F5C74007D2F2E /* RACObserverVC.m */ = {isa = PBXFileReference; lastKnownFileType = sourcecode.c.objc; path = RACObserverVC.m; sourceTree = "<group>"; };
		A03061C3236AE35C00E49162 /* BlockTestsVC.h */ = {isa = PBXFileReference; lastKnownFileType = sourcecode.c.h; path = BlockTestsVC.h; sourceTree = "<group>"; };
		A03061C4236AE35C00E49162 /* BlockTestsVC.m */ = {isa = PBXFileReference; lastKnownFileType = sourcecode.c.objc; path = BlockTestsVC.m; sourceTree = "<group>"; };
		A0AB67E823A0F47D0083219E /* MasonryViewController.h */ = {isa = PBXFileReference; lastKnownFileType = sourcecode.c.h; path = MasonryViewController.h; sourceTree = "<group>"; };
		A0AB67E923A0F47D0083219E /* MasonryViewController.m */ = {isa = PBXFileReference; lastKnownFileType = sourcecode.c.objc; path = MasonryViewController.m; sourceTree = "<group>"; };
		D44C824B22B8E4C80001BB79 /* runloop.jpg */ = {isa = PBXFileReference; lastKnownFileType = image.jpeg; path = runloop.jpg; sourceTree = "<group>"; };
		D4672DC322962B3B00A5DE44 /* AppDelegate.h */ = {isa = PBXFileReference; fileEncoding = 4; lastKnownFileType = sourcecode.c.h; path = AppDelegate.h; sourceTree = "<group>"; };
		D4672DC522962B3B00A5DE44 /* CrashCollectVC.m */ = {isa = PBXFileReference; fileEncoding = 4; lastKnownFileType = sourcecode.c.objc; path = CrashCollectVC.m; sourceTree = "<group>"; };
		D4672DC622962B3B00A5DE44 /* CrashCollectVC.h */ = {isa = PBXFileReference; fileEncoding = 4; lastKnownFileType = sourcecode.c.h; path = CrashCollectVC.h; sourceTree = "<group>"; };
		D4672DC822962B3B00A5DE44 /* MemoryVC.h */ = {isa = PBXFileReference; fileEncoding = 4; lastKnownFileType = sourcecode.c.h; path = MemoryVC.h; sourceTree = "<group>"; };
		D4672DC922962B3B00A5DE44 /* MemoryObj.m */ = {isa = PBXFileReference; fileEncoding = 4; lastKnownFileType = sourcecode.c.objc; path = MemoryObj.m; sourceTree = "<group>"; };
		D4672DCA22962B3B00A5DE44 /* MemoryObj.h */ = {isa = PBXFileReference; fileEncoding = 4; lastKnownFileType = sourcecode.c.h; path = MemoryObj.h; sourceTree = "<group>"; };
		D4672DCB22962B3B00A5DE44 /* MemoryVC.m */ = {isa = PBXFileReference; fileEncoding = 4; lastKnownFileType = sourcecode.c.objc; path = MemoryVC.m; sourceTree = "<group>"; };
		D4672DCD22962B3B00A5DE44 /* RunloopVC.h */ = {isa = PBXFileReference; fileEncoding = 4; lastKnownFileType = sourcecode.c.h; path = RunloopVC.h; sourceTree = "<group>"; };
		D4672DCE22962B3B00A5DE44 /* RunloopVC.m */ = {isa = PBXFileReference; fileEncoding = 4; lastKnownFileType = sourcecode.c.objc; path = RunloopVC.m; sourceTree = "<group>"; };
		D4672DD022962B3B00A5DE44 /* UIViewController+Log.h */ = {isa = PBXFileReference; fileEncoding = 4; lastKnownFileType = sourcecode.c.h; path = "UIViewController+Log.h"; sourceTree = "<group>"; };
		D4672DD122962B3B00A5DE44 /* BaseViewController.m */ = {isa = PBXFileReference; fileEncoding = 4; lastKnownFileType = sourcecode.c.objc; path = BaseViewController.m; sourceTree = "<group>"; };
		D4672DD222962B3B00A5DE44 /* Sub.h */ = {isa = PBXFileReference; fileEncoding = 4; lastKnownFileType = sourcecode.c.h; path = Sub.h; sourceTree = "<group>"; };
		D4672DD322962B3B00A5DE44 /* UIViewController+Log.m */ = {isa = PBXFileReference; fileEncoding = 4; lastKnownFileType = sourcecode.c.objc; path = "UIViewController+Log.m"; sourceTree = "<group>"; };
		D4672DD422962B3B00A5DE44 /* Sub.m */ = {isa = PBXFileReference; fileEncoding = 4; lastKnownFileType = sourcecode.c.objc; path = Sub.m; sourceTree = "<group>"; };
		D4672DD522962B3B00A5DE44 /* BaseViewController.h */ = {isa = PBXFileReference; fileEncoding = 4; lastKnownFileType = sourcecode.c.h; path = BaseViewController.h; sourceTree = "<group>"; };
		D4672DD622962B3B00A5DE44 /* UIDebuggingInformationOverlay+Enable.m */ = {isa = PBXFileReference; fileEncoding = 4; lastKnownFileType = sourcecode.c.objc; path = "UIDebuggingInformationOverlay+Enable.m"; sourceTree = "<group>"; };
		D4672DD822962B3B00A5DE44 /* AssembleVC.m */ = {isa = PBXFileReference; fileEncoding = 4; lastKnownFileType = sourcecode.c.objc; path = AssembleVC.m; sourceTree = "<group>"; };
		D4672DD922962B3B00A5DE44 /* AssembleVC.h */ = {isa = PBXFileReference; fileEncoding = 4; lastKnownFileType = sourcecode.c.h; path = AssembleVC.h; sourceTree = "<group>"; };
		D4672DDA22962B3B00A5DE44 /* Assets.xcassets */ = {isa = PBXFileReference; lastKnownFileType = folder.assetcatalog; path = Assets.xcassets; sourceTree = "<group>"; };
		D4672DDC22962B3B00A5DE44 /* RuntimeVC.m */ = {isa = PBXFileReference; fileEncoding = 4; lastKnownFileType = sourcecode.c.objc; path = RuntimeVC.m; sourceTree = "<group>"; };
		D4672DDD22962B3B00A5DE44 /* KVOViewController.m */ = {isa = PBXFileReference; fileEncoding = 4; lastKnownFileType = sourcecode.c.objc; path = KVOViewController.m; sourceTree = "<group>"; };
		D4672DDE22962B3B00A5DE44 /* RPerson.h */ = {isa = PBXFileReference; fileEncoding = 4; lastKnownFileType = sourcecode.c.h; path = RPerson.h; sourceTree = "<group>"; };
		D4672DDF22962B3B00A5DE44 /* KVOViewController.h */ = {isa = PBXFileReference; fileEncoding = 4; lastKnownFileType = sourcecode.c.h; path = KVOViewController.h; sourceTree = "<group>"; };
		D4672DE022962B3B00A5DE44 /* RuntimeVC.h */ = {isa = PBXFileReference; fileEncoding = 4; lastKnownFileType = sourcecode.c.h; path = RuntimeVC.h; sourceTree = "<group>"; };
		D4672DE122962B3B00A5DE44 /* RPerson.m */ = {isa = PBXFileReference; fileEncoding = 4; lastKnownFileType = sourcecode.c.objc; path = RPerson.m; sourceTree = "<group>"; };
		D4672DE322962B3B00A5DE44 /* CarthageVC.m */ = {isa = PBXFileReference; fileEncoding = 4; lastKnownFileType = sourcecode.c.objc; path = CarthageVC.m; sourceTree = "<group>"; };
		D4672DE422962B3B00A5DE44 /* CarthageVC.h */ = {isa = PBXFileReference; fileEncoding = 4; lastKnownFileType = sourcecode.c.h; path = CarthageVC.h; sourceTree = "<group>"; };
		D4672DE522962B3B00A5DE44 /* ViewController.m */ = {isa = PBXFileReference; fileEncoding = 4; lastKnownFileType = sourcecode.c.objc; path = ViewController.m; sourceTree = "<group>"; };
		D4672DE722962B3B00A5DE44 /* GroupViewController.m */ = {isa = PBXFileReference; fileEncoding = 4; lastKnownFileType = sourcecode.c.objc; path = GroupViewController.m; sourceTree = "<group>"; };
		D4672DE822962B3B00A5DE44 /* GroupViewController.h */ = {isa = PBXFileReference; fileEncoding = 4; lastKnownFileType = sourcecode.c.h; path = GroupViewController.h; sourceTree = "<group>"; };
		D4672DEA22962B3B00A5DE44 /* CrashVC.h */ = {isa = PBXFileReference; fileEncoding = 4; lastKnownFileType = sourcecode.c.h; path = CrashVC.h; sourceTree = "<group>"; };
		D4672DEB22962B3B00A5DE44 /* CrashVC.m */ = {isa = PBXFileReference; fileEncoding = 4; lastKnownFileType = sourcecode.c.objc; path = CrashVC.m; sourceTree = "<group>"; };
		D4672DED22962B3B00A5DE44 /* NumberItemCell.h */ = {isa = PBXFileReference; fileEncoding = 4; lastKnownFileType = sourcecode.c.h; path = NumberItemCell.h; sourceTree = "<group>"; };
		D4672DEE22962B3B00A5DE44 /* CollectionOffsetBugVC.h */ = {isa = PBXFileReference; fileEncoding = 4; lastKnownFileType = sourcecode.c.h; path = CollectionOffsetBugVC.h; sourceTree = "<group>"; };
		D4672DEF22962B3B00A5DE44 /* BugVC.h */ = {isa = PBXFileReference; fileEncoding = 4; lastKnownFileType = sourcecode.c.h; path = BugVC.h; sourceTree = "<group>"; };
		D4672DF022962B3B00A5DE44 /* NumberCell.h */ = {isa = PBXFileReference; fileEncoding = 4; lastKnownFileType = sourcecode.c.h; path = NumberCell.h; sourceTree = "<group>"; };
		D4672DF122962B3B00A5DE44 /* NumberViewModel.m */ = {isa = PBXFileReference; fileEncoding = 4; lastKnownFileType = sourcecode.c.objc; path = NumberViewModel.m; sourceTree = "<group>"; };
		D4672DF222962B3B00A5DE44 /* NumberItemCell.m */ = {isa = PBXFileReference; fileEncoding = 4; lastKnownFileType = sourcecode.c.objc; path = NumberItemCell.m; sourceTree = "<group>"; };
		D4672DF322962B3B00A5DE44 /* NumberCell.m */ = {isa = PBXFileReference; fileEncoding = 4; lastKnownFileType = sourcecode.c.objc; path = NumberCell.m; sourceTree = "<group>"; };
		D4672DF422962B3B00A5DE44 /* BugVC.m */ = {isa = PBXFileReference; fileEncoding = 4; lastKnownFileType = sourcecode.c.objc; path = BugVC.m; sourceTree = "<group>"; };
		D4672DF522962B3B00A5DE44 /* CollectionOffsetBugVC.m */ = {isa = PBXFileReference; fileEncoding = 4; lastKnownFileType = sourcecode.c.objc; path = CollectionOffsetBugVC.m; sourceTree = "<group>"; };
		D4672DF622962B3B00A5DE44 /* NumberViewModel.h */ = {isa = PBXFileReference; fileEncoding = 4; lastKnownFileType = sourcecode.c.h; path = NumberViewModel.h; sourceTree = "<group>"; };
		D4672DF822962B3B00A5DE44 /* WebViewController.m */ = {isa = PBXFileReference; fileEncoding = 4; lastKnownFileType = sourcecode.c.objc; path = WebViewController.m; sourceTree = "<group>"; };
		D4672DF922962B3B00A5DE44 /* test.html */ = {isa = PBXFileReference; fileEncoding = 4; lastKnownFileType = text.html; path = test.html; sourceTree = "<group>"; };
		D4672DFA22962B3B00A5DE44 /* WebViewController.h */ = {isa = PBXFileReference; fileEncoding = 4; lastKnownFileType = sourcecode.c.h; path = WebViewController.h; sourceTree = "<group>"; };
		D4672DFC22962B3B00A5DE44 /* Base */ = {isa = PBXFileReference; lastKnownFileType = file.storyboard; name = Base; path = Base.lproj/LaunchScreen.storyboard; sourceTree = "<group>"; };
		D4672DFE22962B3B00A5DE44 /* Base */ = {isa = PBXFileReference; lastKnownFileType = file.storyboard; name = Base; path = Base.lproj/Main.storyboard; sourceTree = "<group>"; };
		D4672E0022962B3B00A5DE44 /* UrlVC.h */ = {isa = PBXFileReference; fileEncoding = 4; lastKnownFileType = sourcecode.c.h; path = UrlVC.h; sourceTree = "<group>"; };
		D4672E0122962B3B00A5DE44 /* UrlVC.m */ = {isa = PBXFileReference; fileEncoding = 4; lastKnownFileType = sourcecode.c.objc; path = UrlVC.m; sourceTree = "<group>"; };
		D4672E0322962B3B00A5DE44 /* MyViewController.h */ = {isa = PBXFileReference; fileEncoding = 4; lastKnownFileType = sourcecode.c.h; path = MyViewController.h; sourceTree = "<group>"; };
		D4672E0422962B3B00A5DE44 /* MyViewController.m */ = {isa = PBXFileReference; fileEncoding = 4; lastKnownFileType = sourcecode.c.objc; path = MyViewController.m; sourceTree = "<group>"; };
		D4672E0522962B3B00A5DE44 /* main.m */ = {isa = PBXFileReference; fileEncoding = 4; lastKnownFileType = sourcecode.c.objc; path = main.m; sourceTree = "<group>"; };
		D4672E0722962B3B00A5DE44 /* DoubleDemoVC.m */ = {isa = PBXFileReference; fileEncoding = 4; lastKnownFileType = sourcecode.c.objc; path = DoubleDemoVC.m; sourceTree = "<group>"; };
		D4672E0822962B3B00A5DE44 /* DoubleDemoVC.h */ = {isa = PBXFileReference; fileEncoding = 4; lastKnownFileType = sourcecode.c.h; path = DoubleDemoVC.h; sourceTree = "<group>"; };
		D4672E0922962B3B00A5DE44 /* AppDelegate.m */ = {isa = PBXFileReference; fileEncoding = 4; lastKnownFileType = sourcecode.c.objc; path = AppDelegate.m; sourceTree = "<group>"; };
		D4672E2822962B3B00A5DE44 /* KeywordVC.m */ = {isa = PBXFileReference; fileEncoding = 4; lastKnownFileType = sourcecode.c.objc; path = KeywordVC.m; sourceTree = "<group>"; };
		D4672E2922962B3B00A5DE44 /* ClassVC.m */ = {isa = PBXFileReference; fileEncoding = 4; lastKnownFileType = sourcecode.c.objc; path = ClassVC.m; sourceTree = "<group>"; };
		D4672E2A22962B3B00A5DE44 /* ClassVC.h */ = {isa = PBXFileReference; fileEncoding = 4; lastKnownFileType = sourcecode.c.h; path = ClassVC.h; sourceTree = "<group>"; };
		D4672E2C22962B3B00A5DE44 /* Son.h */ = {isa = PBXFileReference; fileEncoding = 4; lastKnownFileType = sourcecode.c.h; path = Son.h; sourceTree = "<group>"; };
		D4672E2D22962B3B00A5DE44 /* Father.m */ = {isa = PBXFileReference; fileEncoding = 4; lastKnownFileType = sourcecode.c.objc; path = Father.m; sourceTree = "<group>"; };
		D4672E2E22962B3B00A5DE44 /* Son.m */ = {isa = PBXFileReference; fileEncoding = 4; lastKnownFileType = sourcecode.c.objc; path = Son.m; sourceTree = "<group>"; };
		D4672E2F22962B3B00A5DE44 /* Father.h */ = {isa = PBXFileReference; fileEncoding = 4; lastKnownFileType = sourcecode.c.h; path = Father.h; sourceTree = "<group>"; };
		D4672E3022962B3B00A5DE44 /* KeywordVC.h */ = {isa = PBXFileReference; fileEncoding = 4; lastKnownFileType = sourcecode.c.h; path = KeywordVC.h; sourceTree = "<group>"; };
		D4672E3222962B3B00A5DE44 /* CViewController.h */ = {isa = PBXFileReference; fileEncoding = 4; lastKnownFileType = sourcecode.c.h; path = CViewController.h; sourceTree = "<group>"; };
		D4672E3322962B3B00A5DE44 /* CViewController.m */ = {isa = PBXFileReference; fileEncoding = 4; lastKnownFileType = sourcecode.c.objc; path = CViewController.m; sourceTree = "<group>"; };
		D4672E3422962B3B00A5DE44 /* Info.plist */ = {isa = PBXFileReference; fileEncoding = 4; lastKnownFileType = text.plist.xml; path = Info.plist; sourceTree = "<group>"; };
		D4672E3622962B3B00A5DE44 /* MultiThreadVC.h */ = {isa = PBXFileReference; fileEncoding = 4; lastKnownFileType = sourcecode.c.h; path = MultiThreadVC.h; sourceTree = "<group>"; };
		D4672E3722962B3B00A5DE44 /* MultiThreadVC.m */ = {isa = PBXFileReference; fileEncoding = 4; lastKnownFileType = sourcecode.c.objc; path = MultiThreadVC.m; sourceTree = "<group>"; };
		D4672E3822962B3B00A5DE44 /* ViewController.h */ = {isa = PBXFileReference; fileEncoding = 4; lastKnownFileType = sourcecode.c.h; path = ViewController.h; sourceTree = "<group>"; };
		D47F28D4216EF5C800424800 /* OfferApp.app */ = {isa = PBXFileReference; explicitFileType = wrapper.application; includeInIndex = 0; path = OfferApp.app; sourceTree = BUILT_PRODUCTS_DIR; };
		D498FD01235D576600382842 /* SDWebImageTestVC.h */ = {isa = PBXFileReference; lastKnownFileType = sourcecode.c.h; path = SDWebImageTestVC.h; sourceTree = "<group>"; };
		D498FD02235D576600382842 /* SDWebImageTestVC.m */ = {isa = PBXFileReference; lastKnownFileType = sourcecode.c.objc; path = SDWebImageTestVC.m; sourceTree = "<group>"; };
		D4CEB71E2266CE77007E4B55 /* SweetAlert.framework */ = {isa = PBXFileReference; lastKnownFileType = wrapper.framework; name = SweetAlert.framework; path = Carthage/Build/iOS/SweetAlert.framework; sourceTree = "<group>"; };
		E0FA401826B2B93C0053B998 /* SJLogger.h */ = {isa = PBXFileReference; fileEncoding = 4; lastKnownFileType = sourcecode.c.h; path = SJLogger.h; sourceTree = "<group>"; };
		E0FA401926B2B93D0053B998 /* SJLogger.m */ = {isa = PBXFileReference; fileEncoding = 4; lastKnownFileType = sourcecode.c.objc; path = SJLogger.m; sourceTree = "<group>"; };
		EC502DEA23A11143006FF5AB /* TestFrameworkVC.h */ = {isa = PBXFileReference; lastKnownFileType = sourcecode.c.h; path = TestFrameworkVC.h; sourceTree = "<group>"; };
		EC502DEB23A11143006FF5AB /* TestFrameworkVC.m */ = {isa = PBXFileReference; lastKnownFileType = sourcecode.c.objc; path = TestFrameworkVC.m; sourceTree = "<group>"; };
		EC502E0A23A12998006FF5AB /* OfferSDK.framework */ = {isa = PBXFileReference; lastKnownFileType = wrapper.framework; path = OfferSDK.framework; sourceTree = "<group>"; };
		EC75789D24753138007EBB88 /* NetworkVC.h */ = {isa = PBXFileReference; lastKnownFileType = sourcecode.c.h; path = NetworkVC.h; sourceTree = "<group>"; };
		EC75789E24753138007EBB88 /* NetworkVC.m */ = {isa = PBXFileReference; lastKnownFileType = sourcecode.c.objc; path = NetworkVC.m; sourceTree = "<group>"; };
		EC7578A1247673F4007EBB88 /* CycleVC.h */ = {isa = PBXFileReference; lastKnownFileType = sourcecode.c.h; path = CycleVC.h; sourceTree = "<group>"; };
		EC7578A2247673F4007EBB88 /* CycleVC.m */ = {isa = PBXFileReference; lastKnownFileType = sourcecode.c.objc; path = CycleVC.m; sourceTree = "<group>"; };
		EC7578A524775D14007EBB88 /* NSStringVC.h */ = {isa = PBXFileReference; lastKnownFileType = sourcecode.c.h; path = NSStringVC.h; sourceTree = "<group>"; };
		EC7578A624775D14007EBB88 /* NSStringVC.m */ = {isa = PBXFileReference; lastKnownFileType = sourcecode.c.objc; path = NSStringVC.m; sourceTree = "<group>"; };
		EC7578AB247CF32A007EBB88 /* CustomTransitionVC.h */ = {isa = PBXFileReference; lastKnownFileType = sourcecode.c.h; path = CustomTransitionVC.h; sourceTree = "<group>"; };
		EC7578AC247CF32A007EBB88 /* CustomTransitionVC.m */ = {isa = PBXFileReference; lastKnownFileType = sourcecode.c.objc; path = CustomTransitionVC.m; sourceTree = "<group>"; };
		EC7578AE247CF3E3007EBB88 /* BouncePresentAnimatedTransitioning.h */ = {isa = PBXFileReference; lastKnownFileType = sourcecode.c.h; path = BouncePresentAnimatedTransitioning.h; sourceTree = "<group>"; };
		EC7578AF247CF3E3007EBB88 /* BouncePresentAnimatedTransitioning.m */ = {isa = PBXFileReference; lastKnownFileType = sourcecode.c.objc; path = BouncePresentAnimatedTransitioning.m; sourceTree = "<group>"; };
		EC7578B1247CFBE4007EBB88 /* CustomPushAnimatedTransitoning.h */ = {isa = PBXFileReference; lastKnownFileType = sourcecode.c.h; path = CustomPushAnimatedTransitoning.h; sourceTree = "<group>"; };
		EC7578B2247CFBE4007EBB88 /* CustomPushAnimatedTransitoning.m */ = {isa = PBXFileReference; lastKnownFileType = sourcecode.c.objc; path = CustomPushAnimatedTransitoning.m; sourceTree = "<group>"; };
		EC7578B5247F4997007EBB88 /* HashVSIsEqualVC.h */ = {isa = PBXFileReference; lastKnownFileType = sourcecode.c.h; path = HashVSIsEqualVC.h; sourceTree = "<group>"; };
		EC7578B6247F4997007EBB88 /* HashVSIsEqualVC.m */ = {isa = PBXFileReference; lastKnownFileType = sourcecode.c.objc; path = HashVSIsEqualVC.m; sourceTree = "<group>"; };
		EC92747A243EC1C7003D44AA /* main1.m */ = {isa = PBXFileReference; lastKnownFileType = sourcecode.c.objc; path = main1.m; sourceTree = "<group>"; };
		EC9274A424512658003D44AA /* AssociateObjectVC.h */ = {isa = PBXFileReference; lastKnownFileType = sourcecode.c.h; path = AssociateObjectVC.h; sourceTree = "<group>"; };
		EC9274A524512658003D44AA /* AssociateObjectVC.m */ = {isa = PBXFileReference; lastKnownFileType = sourcecode.c.objc; path = AssociateObjectVC.m; sourceTree = "<group>"; };
		EC9274A82459181F003D44AA /* MessageVC.h */ = {isa = PBXFileReference; lastKnownFileType = sourcecode.c.h; path = MessageVC.h; sourceTree = "<group>"; };
		EC9274A92459181F003D44AA /* MessageVC.m */ = {isa = PBXFileReference; lastKnownFileType = sourcecode.c.objc; path = MessageVC.m; sourceTree = "<group>"; };
		EC9274AC2468DEB3003D44AA /* CopyVC.h */ = {isa = PBXFileReference; lastKnownFileType = sourcecode.c.h; path = CopyVC.h; sourceTree = "<group>"; };
		EC9274AD2468DEB3003D44AA /* CopyVC.m */ = {isa = PBXFileReference; lastKnownFileType = sourcecode.c.objc; path = CopyVC.m; sourceTree = "<group>"; };
		EC98E3522473730100FD96EB /* OperationVC.h */ = {isa = PBXFileReference; lastKnownFileType = sourcecode.c.h; path = OperationVC.h; sourceTree = "<group>"; };
		EC98E3532473730100FD96EB /* OperationVC.m */ = {isa = PBXFileReference; lastKnownFileType = sourcecode.c.objc; path = OperationVC.m; sourceTree = "<group>"; };
		EC98E3552473A23A00FD96EB /* MyOperation.h */ = {isa = PBXFileReference; lastKnownFileType = sourcecode.c.h; path = MyOperation.h; sourceTree = "<group>"; };
		EC98E3562473A23A00FD96EB /* MyOperation.m */ = {isa = PBXFileReference; lastKnownFileType = sourcecode.c.objc; path = MyOperation.m; sourceTree = "<group>"; };
		EC9CAE5B24863C52001328FD /* NSTimerCycleRetainVC.h */ = {isa = PBXFileReference; lastKnownFileType = sourcecode.c.h; path = NSTimerCycleRetainVC.h; sourceTree = "<group>"; };
		EC9CAE5C24863C52001328FD /* NSTimerCycleRetainVC.m */ = {isa = PBXFileReference; lastKnownFileType = sourcecode.c.objc; path = NSTimerCycleRetainVC.m; sourceTree = "<group>"; };
		EC9CAE6A2491D68D001328FD /* NSURLCache+Test.h */ = {isa = PBXFileReference; lastKnownFileType = sourcecode.c.h; path = "NSURLCache+Test.h"; sourceTree = "<group>"; };
		EC9CAE6B2491D68D001328FD /* NSURLCache+Test.m */ = {isa = PBXFileReference; lastKnownFileType = sourcecode.c.objc; path = "NSURLCache+Test.m"; sourceTree = "<group>"; };
		EC9CAE6F2491E16A001328FD /* RequestVC.h */ = {isa = PBXFileReference; lastKnownFileType = sourcecode.c.h; path = RequestVC.h; sourceTree = "<group>"; };
		EC9CAE702491E16A001328FD /* RequestVC.m */ = {isa = PBXFileReference; lastKnownFileType = sourcecode.c.objc; path = RequestVC.m; sourceTree = "<group>"; };
		EC9EB5CD2435B83C00328676 /* GCDHomeVC.h */ = {isa = PBXFileReference; lastKnownFileType = sourcecode.c.h; path = GCDHomeVC.h; sourceTree = "<group>"; };
		EC9EB5CE2435B83C00328676 /* GCDHomeVC.m */ = {isa = PBXFileReference; lastKnownFileType = sourcecode.c.objc; path = GCDHomeVC.m; sourceTree = "<group>"; };
		EC9EB5D02435B8BF00328676 /* SyncAndAsyncVC.h */ = {isa = PBXFileReference; lastKnownFileType = sourcecode.c.h; path = SyncAndAsyncVC.h; sourceTree = "<group>"; };
		EC9EB5D12435B8BF00328676 /* SyncAndAsyncVC.m */ = {isa = PBXFileReference; lastKnownFileType = sourcecode.c.objc; path = SyncAndAsyncVC.m; sourceTree = "<group>"; };
		EC9EFFEA2433321E00F1919E /* AtomicTest.h */ = {isa = PBXFileReference; lastKnownFileType = sourcecode.c.h; path = AtomicTest.h; sourceTree = "<group>"; };
		EC9EFFEB2433321E00F1919E /* AtomicTest.m */ = {isa = PBXFileReference; lastKnownFileType = sourcecode.c.objc; path = AtomicTest.m; sourceTree = "<group>"; };
/* End PBXFileReference section */

/* Begin PBXFrameworksBuildPhase section */
		D47F28D1216EF5C800424800 /* Frameworks */ = {
			isa = PBXFrameworksBuildPhase;
			buildActionMask = 2147483647;
			files = (
				7FCA1BB4B2CAB6F78F15E32A /* libPods-OfferApp.a in Frameworks */,
			);
			runOnlyForDeploymentPostprocessing = 0;
		};
/* End PBXFrameworksBuildPhase section */

/* Begin PBXGroup section */
		01D04CA5CB6E3CDC7CFA2923 /* Pods */ = {
			isa = PBXGroup;
			children = (
				3EDEADCF0F9B431238999766 /* Pods-OfferApp.debug.xcconfig */,
				6EF2A1949D334438935EFF19 /* Pods-OfferApp.release.xcconfig */,
			);
			name = Pods;
			sourceTree = "<group>";
		};
		0405B846266B5626000218A0 /* Log */ = {
			isa = PBXGroup;
			children = (
				0405B847266B564C000218A0 /* OSLogTestVC.h */,
				0405B848266B564C000218A0 /* OSLogTestVC.m */,
				E0FA401826B2B93C0053B998 /* SJLogger.h */,
				E0FA401926B2B93D0053B998 /* SJLogger.m */,
			);
			path = Log;
			sourceTree = "<group>";
		};
		0494670A25E1098A007812CF /* SDCycleScrollView */ = {
			isa = PBXGroup;
			children = (
				0494670B25E109BA007812CF /* SDCycleScrollViewDemoVC.h */,
				0494670C25E109BA007812CF /* SDCycleScrollViewDemoVC.m */,
			);
			path = SDCycleScrollView;
			sourceTree = "<group>";
		};
		632B53FC7AF156B85C23DD30 /* Frameworks */ = {
			isa = PBXGroup;
			children = (
				D4CEB71E2266CE77007E4B55 /* SweetAlert.framework */,
				447797FAC45F44447C6E5313 /* libPods-OfferApp.a */,
			);
			name = Frameworks;
			sourceTree = "<group>";
		};
		A019F012238E07B0007D2F2E /* NSNotification */ = {
			isa = PBXGroup;
			children = (
				A019F013238E07E1007D2F2E /* NotificationVC.h */,
				A019F014238E07E1007D2F2E /* NotificationVC.m */,
			);
			path = NSNotification;
			sourceTree = "<group>";
		};
		A019F016238E0864007D2F2E /* Yoga */ = {
			isa = PBXGroup;
			children = (
				A019F017238E0864007D2F2E /* Source */,
			);
			path = Yoga;
			sourceTree = "<group>";
		};
		A019F017238E0864007D2F2E /* Source */ = {
			isa = PBXGroup;
			children = (
				A019F018238E0864007D2F2E /* YGLayout+Private.h */,
				A019F019238E0864007D2F2E /* YGLayout.h */,
				A019F01A238E0864007D2F2E /* UIView+Yoga.h */,
				A019F01B238E0864007D2F2E /* YGLayout.m */,
				A019F01C238E0864007D2F2E /* UIView+Yoga.m */,
			);
			path = Source;
			sourceTree = "<group>";
		};
		A019F040238F5BA3007D2F2E /* RAC */ = {
			isa = PBXGroup;
			children = (
				A019F041238F5C74007D2F2E /* RACObserverVC.h */,
				A019F042238F5C74007D2F2E /* RACObserverVC.m */,
			);
			path = RAC;
			sourceTree = "<group>";
		};
		A03061C2236AE32C00E49162 /* Block */ = {
			isa = PBXGroup;
			children = (
				A03061C3236AE35C00E49162 /* BlockTestsVC.h */,
				A03061C4236AE35C00E49162 /* BlockTestsVC.m */,
			);
			path = Block;
			sourceTree = "<group>";
		};
		A0AB67E723A0F4640083219E /* Masonry */ = {
			isa = PBXGroup;
			children = (
				A0AB67E823A0F47D0083219E /* MasonryViewController.h */,
				A0AB67E923A0F47D0083219E /* MasonryViewController.m */,
			);
			path = Masonry;
			sourceTree = "<group>";
		};
		D4672DC222962B3B00A5DE44 /* OfferApp */ = {
			isa = PBXGroup;
			children = (
				0405B846266B5626000218A0 /* Log */,
				EC9CAE6D2491E138001328FD /* Request */,
				EC7578B4247F4964007EBB88 /* HashIsEqual */,
				EC7578AA247CF2FC007EBB88 /* Transitioning */,
				EC7578A424775CFD007EBB88 /* NSString */,
				EC7578A0247673D0007EBB88 /* UIView */,
				EC75789C2475311A007EBB88 /* Network */,
				EC98E350247372C100FD96EB /* NSOperation */,
				EC9274A724591804003D44AA /* Message */,
				EC502DE923A110EC006FF5AB /* TestFramework */,
				EC502DE423A1106E006FF5AB /* Verdor */,
				A0AB67E723A0F4640083219E /* Masonry */,
				A019F040238F5BA3007D2F2E /* RAC */,
				A019F016238E0864007D2F2E /* Yoga */,
				A019F012238E07B0007D2F2E /* NSNotification */,
				A03061C2236AE32C00E49162 /* Block */,
				D498FD00235D574100382842 /* SDWebImage */,
				D4672DC322962B3B00A5DE44 /* AppDelegate.h */,
				D4672DC422962B3B00A5DE44 /* CrashCollect */,
				D4672DC722962B3B00A5DE44 /* Memory */,
				D4672DCC22962B3B00A5DE44 /* Runloop */,
				D4672DCF22962B3B00A5DE44 /* Category */,
				D4672DD622962B3B00A5DE44 /* UIDebuggingInformationOverlay+Enable.m */,
				D4672DD722962B3B00A5DE44 /* Assemble */,
				D4672DDA22962B3B00A5DE44 /* Assets.xcassets */,
				D4672DDB22962B3B00A5DE44 /* Runtime */,
				D4672DE222962B3B00A5DE44 /* Carthage */,
				D4672DE622962B3B00A5DE44 /* GCD */,
				D4672DE922962B3B00A5DE44 /* Crash */,
				D4672DEC22962B3B00A5DE44 /* Bug */,
				D4672DF722962B3B00A5DE44 /* WKWebview */,
				D4672DFB22962B3B00A5DE44 /* LaunchScreen.storyboard */,
				D4672DFD22962B3B00A5DE44 /* Main.storyboard */,
				D4672DFF22962B3B00A5DE44 /* URL */,
				D4672E0222962B3B00A5DE44 /* UIViewController */,
				D4672E0522962B3B00A5DE44 /* main.m */,
				EC92747A243EC1C7003D44AA /* main1.m */,
				D4672E0622962B3B00A5DE44 /* Double */,
				D4672E0922962B3B00A5DE44 /* AppDelegate.m */,
				D4672E2722962B3B00A5DE44 /* Keyword */,
				D4672E3122962B3B00A5DE44 /* CLanguage */,
				D4672E3422962B3B00A5DE44 /* Info.plist */,
				D4672E3522962B3B00A5DE44 /* MultiThread */,
				D4672E3822962B3B00A5DE44 /* ViewController.h */,
				D4672DE522962B3B00A5DE44 /* ViewController.m */,
			);
			path = OfferApp;
			sourceTree = "<group>";
		};
		D4672DC422962B3B00A5DE44 /* CrashCollect */ = {
			isa = PBXGroup;
			children = (
				D4672DC622962B3B00A5DE44 /* CrashCollectVC.h */,
				D4672DC522962B3B00A5DE44 /* CrashCollectVC.m */,
			);
			path = CrashCollect;
			sourceTree = "<group>";
		};
		D4672DC722962B3B00A5DE44 /* Memory */ = {
			isa = PBXGroup;
			children = (
				EC9CAE5A24863C07001328FD /* CycleRefrence */,
				D4672DC822962B3B00A5DE44 /* MemoryVC.h */,
				D4672DC922962B3B00A5DE44 /* MemoryObj.m */,
				D4672DCA22962B3B00A5DE44 /* MemoryObj.h */,
				D4672DCB22962B3B00A5DE44 /* MemoryVC.m */,
			);
			path = Memory;
			sourceTree = "<group>";
		};
		D4672DCC22962B3B00A5DE44 /* Runloop */ = {
			isa = PBXGroup;
			children = (
				D44C824B22B8E4C80001BB79 /* runloop.jpg */,
				D4672DCD22962B3B00A5DE44 /* RunloopVC.h */,
				D4672DCE22962B3B00A5DE44 /* RunloopVC.m */,
			);
			path = Runloop;
			sourceTree = "<group>";
		};
		D4672DCF22962B3B00A5DE44 /* Category */ = {
			isa = PBXGroup;
			children = (
				D4672DD022962B3B00A5DE44 /* UIViewController+Log.h */,
				D4672DD322962B3B00A5DE44 /* UIViewController+Log.m */,
				D4672DD222962B3B00A5DE44 /* Sub.h */,
				D4672DD422962B3B00A5DE44 /* Sub.m */,
				D4672DD522962B3B00A5DE44 /* BaseViewController.h */,
				D4672DD122962B3B00A5DE44 /* BaseViewController.m */,
			);
			path = Category;
			sourceTree = "<group>";
		};
		D4672DD722962B3B00A5DE44 /* Assemble */ = {
			isa = PBXGroup;
			children = (
				D4672DD922962B3B00A5DE44 /* AssembleVC.h */,
				D4672DD822962B3B00A5DE44 /* AssembleVC.m */,
			);
			path = Assemble;
			sourceTree = "<group>";
		};
		D4672DDB22962B3B00A5DE44 /* Runtime */ = {
			isa = PBXGroup;
			children = (
				D4672DE022962B3B00A5DE44 /* RuntimeVC.h */,
				D4672DDC22962B3B00A5DE44 /* RuntimeVC.m */,
				D4672DDF22962B3B00A5DE44 /* KVOViewController.h */,
				D4672DDD22962B3B00A5DE44 /* KVOViewController.m */,
				D4672DDE22962B3B00A5DE44 /* RPerson.h */,
				D4672DE122962B3B00A5DE44 /* RPerson.m */,
				EC9274A424512658003D44AA /* AssociateObjectVC.h */,
				EC9274A524512658003D44AA /* AssociateObjectVC.m */,
				04A15C63260B46660084534D /* MethodExchangeVC.h */,
				04A15C64260B46660084534D /* MethodExchangeVC.m */,
			);
			path = Runtime;
			sourceTree = "<group>";
		};
		D4672DE222962B3B00A5DE44 /* Carthage */ = {
			isa = PBXGroup;
			children = (
				D4672DE322962B3B00A5DE44 /* CarthageVC.m */,
				D4672DE422962B3B00A5DE44 /* CarthageVC.h */,
			);
			path = Carthage;
			sourceTree = "<group>";
		};
		D4672DE622962B3B00A5DE44 /* GCD */ = {
			isa = PBXGroup;
			children = (
				D4672DE822962B3B00A5DE44 /* GroupViewController.h */,
				D4672DE722962B3B00A5DE44 /* GroupViewController.m */,
				EC9EB5CD2435B83C00328676 /* GCDHomeVC.h */,
				EC9EB5CE2435B83C00328676 /* GCDHomeVC.m */,
				EC9EB5D02435B8BF00328676 /* SyncAndAsyncVC.h */,
				EC9EB5D12435B8BF00328676 /* SyncAndAsyncVC.m */,
			);
			path = GCD;
			sourceTree = "<group>";
		};
		D4672DE922962B3B00A5DE44 /* Crash */ = {
			isa = PBXGroup;
			children = (
				D4672DEA22962B3B00A5DE44 /* CrashVC.h */,
				D4672DEB22962B3B00A5DE44 /* CrashVC.m */,
			);
			path = Crash;
			sourceTree = "<group>";
		};
		D4672DEC22962B3B00A5DE44 /* Bug */ = {
			isa = PBXGroup;
			children = (
				D4672DED22962B3B00A5DE44 /* NumberItemCell.h */,
				D4672DEF22962B3B00A5DE44 /* BugVC.h */,
				D4672DF422962B3B00A5DE44 /* BugVC.m */,
				D4672DF022962B3B00A5DE44 /* NumberCell.h */,
				D4672DF322962B3B00A5DE44 /* NumberCell.m */,
				D4672DF622962B3B00A5DE44 /* NumberViewModel.h */,
				D4672DF122962B3B00A5DE44 /* NumberViewModel.m */,
				D4672DF222962B3B00A5DE44 /* NumberItemCell.m */,
				D4672DEE22962B3B00A5DE44 /* CollectionOffsetBugVC.h */,
				D4672DF522962B3B00A5DE44 /* CollectionOffsetBugVC.m */,
			);
			path = Bug;
			sourceTree = "<group>";
		};
		D4672DF722962B3B00A5DE44 /* WKWebview */ = {
			isa = PBXGroup;
			children = (
				D4672DF822962B3B00A5DE44 /* WebViewController.m */,
				D4672DF922962B3B00A5DE44 /* test.html */,
				D4672DFA22962B3B00A5DE44 /* WebViewController.h */,
			);
			path = WKWebview;
			sourceTree = "<group>";
		};
		D4672DFF22962B3B00A5DE44 /* URL */ = {
			isa = PBXGroup;
			children = (
				D4672E0022962B3B00A5DE44 /* UrlVC.h */,
				D4672E0122962B3B00A5DE44 /* UrlVC.m */,
			);
			path = URL;
			sourceTree = "<group>";
		};
		D4672E0222962B3B00A5DE44 /* UIViewController */ = {
			isa = PBXGroup;
			children = (
				D4672E0322962B3B00A5DE44 /* MyViewController.h */,
				D4672E0422962B3B00A5DE44 /* MyViewController.m */,
			);
			path = UIViewController;
			sourceTree = "<group>";
		};
		D4672E0622962B3B00A5DE44 /* Double */ = {
			isa = PBXGroup;
			children = (
				D4672E2D22962B3B00A5DE44 /* Father.m */,
				D4672E0722962B3B00A5DE44 /* DoubleDemoVC.m */,
				D4672E0822962B3B00A5DE44 /* DoubleDemoVC.h */,
			);
			path = Double;
			sourceTree = "<group>";
		};
		D4672E2722962B3B00A5DE44 /* Keyword */ = {
			isa = PBXGroup;
			children = (
				EC9274AB2468DE97003D44AA /* Copy */,
				D4672E2A22962B3B00A5DE44 /* ClassVC.h */,
				D4672E2922962B3B00A5DE44 /* ClassVC.m */,
				D4672E3022962B3B00A5DE44 /* KeywordVC.h */,
				D4672E2B22962B3B00A5DE44 /* Super */,
				D4672E2822962B3B00A5DE44 /* KeywordVC.m */,
			);
			path = Keyword;
			sourceTree = "<group>";
		};
		D4672E2B22962B3B00A5DE44 /* Super */ = {
			isa = PBXGroup;
			children = (
				D4672E2F22962B3B00A5DE44 /* Father.h */,
				D4672E2C22962B3B00A5DE44 /* Son.h */,
				D4672E2E22962B3B00A5DE44 /* Son.m */,
			);
			path = Super;
			sourceTree = "<group>";
		};
		D4672E3122962B3B00A5DE44 /* CLanguage */ = {
			isa = PBXGroup;
			children = (
				D4672E3222962B3B00A5DE44 /* CViewController.h */,
				D4672E3322962B3B00A5DE44 /* CViewController.m */,
			);
			path = CLanguage;
			sourceTree = "<group>";
		};
		D4672E3522962B3B00A5DE44 /* MultiThread */ = {
			isa = PBXGroup;
			children = (
				EC9EFFE9243331F300F1919E /* atomic */,
				D4672E3622962B3B00A5DE44 /* MultiThreadVC.h */,
				D4672E3722962B3B00A5DE44 /* MultiThreadVC.m */,
			);
			path = MultiThread;
			sourceTree = "<group>";
		};
		D47F28CB216EF5C800424800 = {
			isa = PBXGroup;
			children = (
				D4672DC222962B3B00A5DE44 /* OfferApp */,
				D47F28D5216EF5C800424800 /* Products */,
				01D04CA5CB6E3CDC7CFA2923 /* Pods */,
				632B53FC7AF156B85C23DD30 /* Frameworks */,
			);
			sourceTree = "<group>";
		};
		D47F28D5216EF5C800424800 /* Products */ = {
			isa = PBXGroup;
			children = (
				D47F28D4216EF5C800424800 /* OfferApp.app */,
			);
			name = Products;
			sourceTree = "<group>";
		};
		D498FD00235D574100382842 /* SDWebImage */ = {
			isa = PBXGroup;
			children = (
				D498FD01235D576600382842 /* SDWebImageTestVC.h */,
				D498FD02235D576600382842 /* SDWebImageTestVC.m */,
				EC9CAE6A2491D68D001328FD /* NSURLCache+Test.h */,
				EC9CAE6B2491D68D001328FD /* NSURLCache+Test.m */,
			);
			path = SDWebImage;
			sourceTree = "<group>";
		};
		EC502DE423A1106E006FF5AB /* Verdor */ = {
			isa = PBXGroup;
			children = (
				0494670A25E1098A007812CF /* SDCycleScrollView */,
				EC502E0A23A12998006FF5AB /* OfferSDK.framework */,
			);
			path = Verdor;
			sourceTree = "<group>";
		};
		EC502DE923A110EC006FF5AB /* TestFramework */ = {
			isa = PBXGroup;
			children = (
				EC502DEA23A11143006FF5AB /* TestFrameworkVC.h */,
				EC502DEB23A11143006FF5AB /* TestFrameworkVC.m */,
			);
			path = TestFramework;
			sourceTree = "<group>";
		};
		EC75789C2475311A007EBB88 /* Network */ = {
			isa = PBXGroup;
			children = (
				EC75789D24753138007EBB88 /* NetworkVC.h */,
				EC75789E24753138007EBB88 /* NetworkVC.m */,
			);
			path = Network;
			sourceTree = "<group>";
		};
		EC7578A0247673D0007EBB88 /* UIView */ = {
			isa = PBXGroup;
			children = (
				EC7578A1247673F4007EBB88 /* CycleVC.h */,
				EC7578A2247673F4007EBB88 /* CycleVC.m */,
			);
			path = UIView;
			sourceTree = "<group>";
		};
		EC7578A424775CFD007EBB88 /* NSString */ = {
			isa = PBXGroup;
			children = (
				EC7578A524775D14007EBB88 /* NSStringVC.h */,
				EC7578A624775D14007EBB88 /* NSStringVC.m */,
			);
			path = NSString;
			sourceTree = "<group>";
		};
		EC7578AA247CF2FC007EBB88 /* Transitioning */ = {
			isa = PBXGroup;
			children = (
				EC7578AB247CF32A007EBB88 /* CustomTransitionVC.h */,
				EC7578AC247CF32A007EBB88 /* CustomTransitionVC.m */,
				EC7578AE247CF3E3007EBB88 /* BouncePresentAnimatedTransitioning.h */,
				EC7578AF247CF3E3007EBB88 /* BouncePresentAnimatedTransitioning.m */,
				EC7578B1247CFBE4007EBB88 /* CustomPushAnimatedTransitoning.h */,
				EC7578B2247CFBE4007EBB88 /* CustomPushAnimatedTransitoning.m */,
			);
			path = Transitioning;
			sourceTree = "<group>";
		};
		EC7578B4247F4964007EBB88 /* HashIsEqual */ = {
			isa = PBXGroup;
			children = (
				EC7578B5247F4997007EBB88 /* HashVSIsEqualVC.h */,
				EC7578B6247F4997007EBB88 /* HashVSIsEqualVC.m */,
			);
			path = HashIsEqual;
			sourceTree = "<group>";
		};
		EC9274A724591804003D44AA /* Message */ = {
			isa = PBXGroup;
			children = (
				EC9274A82459181F003D44AA /* MessageVC.h */,
				EC9274A92459181F003D44AA /* MessageVC.m */,
			);
			path = Message;
			sourceTree = "<group>";
		};
		EC9274AB2468DE97003D44AA /* Copy */ = {
			isa = PBXGroup;
			children = (
				EC9274AC2468DEB3003D44AA /* CopyVC.h */,
				EC9274AD2468DEB3003D44AA /* CopyVC.m */,
			);
			path = Copy;
			sourceTree = "<group>";
		};
		EC98E350247372C100FD96EB /* NSOperation */ = {
			isa = PBXGroup;
			children = (
				EC98E3522473730100FD96EB /* OperationVC.h */,
				EC98E3532473730100FD96EB /* OperationVC.m */,
				EC98E3552473A23A00FD96EB /* MyOperation.h */,
				EC98E3562473A23A00FD96EB /* MyOperation.m */,
			);
			path = NSOperation;
			sourceTree = "<group>";
		};
		EC9CAE5A24863C07001328FD /* CycleRefrence */ = {
			isa = PBXGroup;
			children = (
				EC9CAE5B24863C52001328FD /* NSTimerCycleRetainVC.h */,
				EC9CAE5C24863C52001328FD /* NSTimerCycleRetainVC.m */,
			);
			path = CycleRefrence;
			sourceTree = "<group>";
		};
		EC9CAE6D2491E138001328FD /* Request */ = {
			isa = PBXGroup;
			children = (
				EC9CAE6F2491E16A001328FD /* RequestVC.h */,
				EC9CAE702491E16A001328FD /* RequestVC.m */,
				044EC962256FAC0F008B2A62 /* MyURLProtocol.h */,
				044EC963256FAC0F008B2A62 /* MyURLProtocol.m */,
				044EC979256FC4CA008B2A62 /* Empty.json */,
			);
			path = Request;
			sourceTree = "<group>";
		};
		EC9EFFE9243331F300F1919E /* atomic */ = {
			isa = PBXGroup;
			children = (
				EC9EFFEA2433321E00F1919E /* AtomicTest.h */,
				EC9EFFEB2433321E00F1919E /* AtomicTest.m */,
			);
			path = atomic;
			sourceTree = "<group>";
		};
/* End PBXGroup section */

/* Begin PBXNativeTarget section */
		D47F28D3216EF5C800424800 /* OfferApp */ = {
			isa = PBXNativeTarget;
			buildConfigurationList = D47F28EA216EF5CA00424800 /* Build configuration list for PBXNativeTarget "OfferApp" */;
			buildPhases = (
				50D98A9F024B9CE81B3BDEA6 /* [CP] Check Pods Manifest.lock */,
				D47F28D0216EF5C800424800 /* Sources */,
				D47F28D1216EF5C800424800 /* Frameworks */,
				D47F28D2216EF5C800424800 /* Resources */,
				90ED76D8BCF0A1624ECB3619 /* [CP] Copy Pods Resources */,
			);
			buildRules = (
			);
			dependencies = (
			);
			name = OfferApp;
			productName = OfferApp;
			productReference = D47F28D4216EF5C800424800 /* OfferApp.app */;
			productType = "com.apple.product-type.application";
		};
/* End PBXNativeTarget section */

/* Begin PBXProject section */
		D47F28CC216EF5C800424800 /* Project object */ = {
			isa = PBXProject;
			attributes = {
				LastUpgradeCheck = 0940;
				ORGANIZATIONNAME = com.learn;
				TargetAttributes = {
					D47F28D3216EF5C800424800 = {
						CreatedOnToolsVersion = 9.4.1;
					};
				};
			};
			buildConfigurationList = D47F28CF216EF5C800424800 /* Build configuration list for PBXProject "OfferApp" */;
			compatibilityVersion = "Xcode 9.3";
			developmentRegion = en;
			hasScannedForEncodings = 0;
			knownRegions = (
				en,
				Base,
			);
			mainGroup = D47F28CB216EF5C800424800;
			productRefGroup = D47F28D5216EF5C800424800 /* Products */;
			projectDirPath = "";
			projectRoot = "";
			targets = (
				D47F28D3216EF5C800424800 /* OfferApp */,
			);
		};
/* End PBXProject section */

/* Begin PBXResourcesBuildPhase section */
		D47F28D2216EF5C800424800 /* Resources */ = {
			isa = PBXResourcesBuildPhase;
			buildActionMask = 2147483647;
			files = (
				D4672E5122962B3B00A5DE44 /* LaunchScreen.storyboard in Resources */,
				D4672E5022962B3B00A5DE44 /* test.html in Resources */,
				D4672E4222962B3B00A5DE44 /* Assets.xcassets in Resources */,
				D44C824C22B8E4C80001BB79 /* runloop.jpg in Resources */,
				D4672E5222962B3B00A5DE44 /* Main.storyboard in Resources */,
				044EC97A256FC4CA008B2A62 /* Empty.json in Resources */,
			);
			runOnlyForDeploymentPostprocessing = 0;
		};
/* End PBXResourcesBuildPhase section */

/* Begin PBXShellScriptBuildPhase section */
		50D98A9F024B9CE81B3BDEA6 /* [CP] Check Pods Manifest.lock */ = {
			isa = PBXShellScriptBuildPhase;
			buildActionMask = 2147483647;
			files = (
			);
			inputPaths = (
				"${PODS_PODFILE_DIR_PATH}/Podfile.lock",
				"${PODS_ROOT}/Manifest.lock",
			);
			name = "[CP] Check Pods Manifest.lock";
			outputPaths = (
				"$(DERIVED_FILE_DIR)/Pods-OfferApp-checkManifestLockResult.txt",
			);
			runOnlyForDeploymentPostprocessing = 0;
			shellPath = /bin/sh;
			shellScript = "diff \"${PODS_PODFILE_DIR_PATH}/Podfile.lock\" \"${PODS_ROOT}/Manifest.lock\" > /dev/null\nif [ $? != 0 ] ; then\n    # print error to STDERR\n    echo \"error: The sandbox is not in sync with the Podfile.lock. Run 'pod install' or update your CocoaPods installation.\" >&2\n    exit 1\nfi\n# This output is used by Xcode 'outputs' to avoid re-running this script phase.\necho \"SUCCESS\" > \"${SCRIPT_OUTPUT_FILE_0}\"\n";
			showEnvVarsInLog = 0;
		};
		90ED76D8BCF0A1624ECB3619 /* [CP] Copy Pods Resources */ = {
			isa = PBXShellScriptBuildPhase;
			buildActionMask = 2147483647;
			files = (
			);
			inputFileListPaths = (
				"${PODS_ROOT}/Target Support Files/Pods-OfferApp/Pods-OfferApp-resources-${CONFIGURATION}-input-files.xcfilelist",
			);
			name = "[CP] Copy Pods Resources";
			outputFileListPaths = (
				"${PODS_ROOT}/Target Support Files/Pods-OfferApp/Pods-OfferApp-resources-${CONFIGURATION}-output-files.xcfilelist",
			);
			runOnlyForDeploymentPostprocessing = 0;
			shellPath = /bin/sh;
			shellScript = "\"${PODS_ROOT}/Target Support Files/Pods-OfferApp/Pods-OfferApp-resources.sh\"\n";
			showEnvVarsInLog = 0;
		};
/* End PBXShellScriptBuildPhase section */

/* Begin PBXSourcesBuildPhase section */
		D47F28D0216EF5C800424800 /* Sources */ = {
			isa = PBXSourcesBuildPhase;
			buildActionMask = 2147483647;
			files = (
				D4672E4722962B3B00A5DE44 /* ViewController.m in Sources */,
				D4672E3B22962B3B00A5DE44 /* MemoryVC.m in Sources */,
				D4672E6622962B3B00A5DE44 /* KeywordVC.m in Sources */,
				EC502DEC23A11143006FF5AB /* TestFrameworkVC.m in Sources */,
				044EC964256FAC0F008B2A62 /* MyURLProtocol.m in Sources */,
				D4672E5722962B3B00A5DE44 /* AppDelegate.m in Sources */,
				D4672E6922962B3B00A5DE44 /* Son.m in Sources */,
				EC9EFFEC2433321E00F1919E /* AtomicTest.m in Sources */,
				D4672E3E22962B3B00A5DE44 /* UIViewController+Log.m in Sources */,
				D4672E4822962B3B00A5DE44 /* GroupViewController.m in Sources */,
				EC9274AA2459181F003D44AA /* MessageVC.m in Sources */,
				04A15C65260B46660084534D /* MethodExchangeVC.m in Sources */,
				D4672E6822962B3B00A5DE44 /* Father.m in Sources */,
				D4672E3D22962B3B00A5DE44 /* BaseViewController.m in Sources */,
				EC7578AD247CF32A007EBB88 /* CustomTransitionVC.m in Sources */,
				D4672E4422962B3B00A5DE44 /* KVOViewController.m in Sources */,
				A0AB67EA23A0F47E0083219E /* MasonryViewController.m in Sources */,
				A019F01E238E0864007D2F2E /* UIView+Yoga.m in Sources */,
				EC9274A624512658003D44AA /* AssociateObjectVC.m in Sources */,
				A03061C5236AE35C00E49162 /* BlockTestsVC.m in Sources */,
				D4672E5322962B3B00A5DE44 /* UrlVC.m in Sources */,
				D4672E3F22962B3B00A5DE44 /* Sub.m in Sources */,
				D4672E4B22962B3B00A5DE44 /* NumberItemCell.m in Sources */,
				D4672E4E22962B3B00A5DE44 /* CollectionOffsetBugVC.m in Sources */,
				D4672E5622962B3B00A5DE44 /* DoubleDemoVC.m in Sources */,
				EC7578A724775D14007EBB88 /* NSStringVC.m in Sources */,
				EC9CAE712491E16A001328FD /* RequestVC.m in Sources */,
				A019F043238F5C74007D2F2E /* RACObserverVC.m in Sources */,
				D4672E4522962B3B00A5DE44 /* RPerson.m in Sources */,
				EC9EB5D22435B8BF00328676 /* SyncAndAsyncVC.m in Sources */,
				D4672E3A22962B3B00A5DE44 /* MemoryObj.m in Sources */,
				D4672E4622962B3B00A5DE44 /* CarthageVC.m in Sources */,
				A019F015238E07E1007D2F2E /* NotificationVC.m in Sources */,
				D4672E4322962B3B00A5DE44 /* RuntimeVC.m in Sources */,
				D4672E4F22962B3B00A5DE44 /* WebViewController.m in Sources */,
				D4672E5522962B3B00A5DE44 /* main.m in Sources */,
				E0FA401A26B2B93D0053B998 /* SJLogger.m in Sources */,
				D4672E4C22962B3B00A5DE44 /* NumberCell.m in Sources */,
				0405B849266B564C000218A0 /* OSLogTestVC.m in Sources */,
				EC7578B3247CFBE4007EBB88 /* CustomPushAnimatedTransitoning.m in Sources */,
				D4672E6A22962B3B00A5DE44 /* CViewController.m in Sources */,
				D4672E4022962B3B00A5DE44 /* UIDebuggingInformationOverlay+Enable.m in Sources */,
				D4672E4A22962B3B00A5DE44 /* NumberViewModel.m in Sources */,
				EC98E3542473730100FD96EB /* OperationVC.m in Sources */,
				EC92747B243EC1C7003D44AA /* main1.m in Sources */,
				D4672E6722962B3B00A5DE44 /* ClassVC.m in Sources */,
				EC9CAE5D24863C52001328FD /* NSTimerCycleRetainVC.m in Sources */,
				D4672E5422962B3B00A5DE44 /* MyViewController.m in Sources */,
				EC9EB5CF2435B83C00328676 /* GCDHomeVC.m in Sources */,
				EC9CAE6C2491D68D001328FD /* NSURLCache+Test.m in Sources */,
				EC75789F24753138007EBB88 /* NetworkVC.m in Sources */,
				EC9274AE2468DEB3003D44AA /* CopyVC.m in Sources */,
				A019F01D238E0864007D2F2E /* YGLayout.m in Sources */,
				D4672E6C22962B3B00A5DE44 /* MultiThreadVC.m in Sources */,
				EC98E3572473A23A00FD96EB /* MyOperation.m in Sources */,
				D498FD03235D576600382842 /* SDWebImageTestVC.m in Sources */,
				D4672E3C22962B3B00A5DE44 /* RunloopVC.m in Sources */,
				D4672E3922962B3B00A5DE44 /* CrashCollectVC.m in Sources */,
				EC7578B7247F4997007EBB88 /* HashVSIsEqualVC.m in Sources */,
				EC7578B0247CF3E3007EBB88 /* BouncePresentAnimatedTransitioning.m in Sources */,
				0494670D25E109BA007812CF /* SDCycleScrollViewDemoVC.m in Sources */,
				D4672E4D22962B3B00A5DE44 /* BugVC.m in Sources */,
				EC7578A3247673F4007EBB88 /* CycleVC.m in Sources */,
				D4672E4922962B3B00A5DE44 /* CrashVC.m in Sources */,
				D4672E4122962B3B00A5DE44 /* AssembleVC.m in Sources */,
			);
			runOnlyForDeploymentPostprocessing = 0;
		};
/* End PBXSourcesBuildPhase section */

/* Begin PBXVariantGroup section */
		D4672DFB22962B3B00A5DE44 /* LaunchScreen.storyboard */ = {
			isa = PBXVariantGroup;
			children = (
				D4672DFC22962B3B00A5DE44 /* Base */,
			);
			name = LaunchScreen.storyboard;
			sourceTree = "<group>";
		};
		D4672DFD22962B3B00A5DE44 /* Main.storyboard */ = {
			isa = PBXVariantGroup;
			children = (
				D4672DFE22962B3B00A5DE44 /* Base */,
			);
			name = Main.storyboard;
			sourceTree = "<group>";
		};
/* End PBXVariantGroup section */

/* Begin XCBuildConfiguration section */
		D47F28E8216EF5CA00424800 /* Debug */ = {
			isa = XCBuildConfiguration;
			buildSettings = {
				ALWAYS_SEARCH_USER_PATHS = NO;
				CLANG_ANALYZER_NONNULL = YES;
				CLANG_ANALYZER_NUMBER_OBJECT_CONVERSION = YES_AGGRESSIVE;
				CLANG_CXX_LANGUAGE_STANDARD = "gnu++14";
				CLANG_CXX_LIBRARY = "libc++";
				CLANG_ENABLE_MODULES = YES;
				CLANG_ENABLE_OBJC_ARC = YES;
				CLANG_ENABLE_OBJC_WEAK = YES;
				CLANG_WARN_BLOCK_CAPTURE_AUTORELEASING = YES;
				CLANG_WARN_BOOL_CONVERSION = YES;
				CLANG_WARN_COMMA = YES;
				CLANG_WARN_CONSTANT_CONVERSION = YES;
				CLANG_WARN_DEPRECATED_OBJC_IMPLEMENTATIONS = YES;
				CLANG_WARN_DIRECT_OBJC_ISA_USAGE = YES_ERROR;
				CLANG_WARN_DOCUMENTATION_COMMENTS = YES;
				CLANG_WARN_EMPTY_BODY = YES;
				CLANG_WARN_ENUM_CONVERSION = YES;
				CLANG_WARN_INFINITE_RECURSION = YES;
				CLANG_WARN_INT_CONVERSION = YES;
				CLANG_WARN_NON_LITERAL_NULL_CONVERSION = YES;
				CLANG_WARN_OBJC_IMPLICIT_RETAIN_SELF = YES;
				CLANG_WARN_OBJC_LITERAL_CONVERSION = YES;
				CLANG_WARN_OBJC_ROOT_CLASS = YES_ERROR;
				CLANG_WARN_RANGE_LOOP_ANALYSIS = YES;
				CLANG_WARN_STRICT_PROTOTYPES = YES;
				CLANG_WARN_SUSPICIOUS_MOVE = YES;
				CLANG_WARN_UNGUARDED_AVAILABILITY = YES_AGGRESSIVE;
				CLANG_WARN_UNREACHABLE_CODE = YES;
				CLANG_WARN__DUPLICATE_METHOD_MATCH = YES;
				CODE_SIGN_IDENTITY = "iPhone Developer";
				COPY_PHASE_STRIP = NO;
				DEBUG_INFORMATION_FORMAT = dwarf;
				ENABLE_STRICT_OBJC_MSGSEND = YES;
				ENABLE_TESTABILITY = YES;
				GCC_C_LANGUAGE_STANDARD = gnu11;
				GCC_DYNAMIC_NO_PIC = NO;
				GCC_NO_COMMON_BLOCKS = YES;
				GCC_OPTIMIZATION_LEVEL = 0;
				GCC_PREPROCESSOR_DEFINITIONS = (
					"DEBUG=1",
					"$(inherited)",
				);
				GCC_WARN_64_TO_32_BIT_CONVERSION = YES;
				GCC_WARN_ABOUT_RETURN_TYPE = YES_ERROR;
				GCC_WARN_UNDECLARED_SELECTOR = YES;
				GCC_WARN_UNINITIALIZED_AUTOS = YES_AGGRESSIVE;
				GCC_WARN_UNUSED_FUNCTION = YES;
				GCC_WARN_UNUSED_VARIABLE = YES;
				IPHONEOS_DEPLOYMENT_TARGET = 11.4;
				MTL_ENABLE_DEBUG_INFO = YES;
				ONLY_ACTIVE_ARCH = YES;
				SDKROOT = iphoneos;
			};
			name = Debug;
		};
		D47F28E9216EF5CA00424800 /* Release */ = {
			isa = XCBuildConfiguration;
			buildSettings = {
				ALWAYS_SEARCH_USER_PATHS = NO;
				CLANG_ANALYZER_NONNULL = YES;
				CLANG_ANALYZER_NUMBER_OBJECT_CONVERSION = YES_AGGRESSIVE;
				CLANG_CXX_LANGUAGE_STANDARD = "gnu++14";
				CLANG_CXX_LIBRARY = "libc++";
				CLANG_ENABLE_MODULES = YES;
				CLANG_ENABLE_OBJC_ARC = YES;
				CLANG_ENABLE_OBJC_WEAK = YES;
				CLANG_WARN_BLOCK_CAPTURE_AUTORELEASING = YES;
				CLANG_WARN_BOOL_CONVERSION = YES;
				CLANG_WARN_COMMA = YES;
				CLANG_WARN_CONSTANT_CONVERSION = YES;
				CLANG_WARN_DEPRECATED_OBJC_IMPLEMENTATIONS = YES;
				CLANG_WARN_DIRECT_OBJC_ISA_USAGE = YES_ERROR;
				CLANG_WARN_DOCUMENTATION_COMMENTS = YES;
				CLANG_WARN_EMPTY_BODY = YES;
				CLANG_WARN_ENUM_CONVERSION = YES;
				CLANG_WARN_INFINITE_RECURSION = YES;
				CLANG_WARN_INT_CONVERSION = YES;
				CLANG_WARN_NON_LITERAL_NULL_CONVERSION = YES;
				CLANG_WARN_OBJC_IMPLICIT_RETAIN_SELF = YES;
				CLANG_WARN_OBJC_LITERAL_CONVERSION = YES;
				CLANG_WARN_OBJC_ROOT_CLASS = YES_ERROR;
				CLANG_WARN_RANGE_LOOP_ANALYSIS = YES;
				CLANG_WARN_STRICT_PROTOTYPES = YES;
				CLANG_WARN_SUSPICIOUS_MOVE = YES;
				CLANG_WARN_UNGUARDED_AVAILABILITY = YES_AGGRESSIVE;
				CLANG_WARN_UNREACHABLE_CODE = YES;
				CLANG_WARN__DUPLICATE_METHOD_MATCH = YES;
				CODE_SIGN_IDENTITY = "iPhone Developer";
				COPY_PHASE_STRIP = NO;
				DEBUG_INFORMATION_FORMAT = "dwarf-with-dsym";
				ENABLE_NS_ASSERTIONS = NO;
				ENABLE_STRICT_OBJC_MSGSEND = YES;
				GCC_C_LANGUAGE_STANDARD = gnu11;
				GCC_NO_COMMON_BLOCKS = YES;
				GCC_WARN_64_TO_32_BIT_CONVERSION = YES;
				GCC_WARN_ABOUT_RETURN_TYPE = YES_ERROR;
				GCC_WARN_UNDECLARED_SELECTOR = YES;
				GCC_WARN_UNINITIALIZED_AUTOS = YES_AGGRESSIVE;
				GCC_WARN_UNUSED_FUNCTION = YES;
				GCC_WARN_UNUSED_VARIABLE = YES;
				IPHONEOS_DEPLOYMENT_TARGET = 11.4;
				MTL_ENABLE_DEBUG_INFO = NO;
				SDKROOT = iphoneos;
				VALIDATE_PRODUCT = YES;
			};
			name = Release;
		};
		D47F28EB216EF5CA00424800 /* Debug */ = {
			isa = XCBuildConfiguration;
			baseConfigurationReference = 3EDEADCF0F9B431238999766 /* Pods-OfferApp.debug.xcconfig */;
			buildSettings = {
				ASSETCATALOG_COMPILER_APPICON_NAME = AppIcon;
				CODE_SIGN_STYLE = Automatic;
				DEVELOPMENT_TEAM = BN7E4W99SM;
				FRAMEWORK_SEARCH_PATHS = (
					"$(inherited)",
					"$(PROJECT_DIR)/Carthage/Build/iOS",
					"$(PROJECT_DIR)/OfferApp/Verdor",
				);
				INFOPLIST_FILE = OfferApp/Info.plist;
				IPHONEOS_DEPLOYMENT_TARGET = 9.0;
				LD_RUNPATH_SEARCH_PATHS = (
					"$(inherited)",
					"@executable_path/Frameworks",
				);
				PRODUCT_BUNDLE_IDENTIFIER = com.learn.OfferApp111;
				PRODUCT_NAME = "$(TARGET_NAME)";
				TARGETED_DEVICE_FAMILY = "1,2";
			};
			name = Debug;
		};
		D47F28EC216EF5CA00424800 /* Release */ = {
			isa = XCBuildConfiguration;
			baseConfigurationReference = 6EF2A1949D334438935EFF19 /* Pods-OfferApp.release.xcconfig */;
			buildSettings = {
				ASSETCATALOG_COMPILER_APPICON_NAME = AppIcon;
				CODE_SIGN_STYLE = Automatic;
				DEVELOPMENT_TEAM = BN7E4W99SM;
				FRAMEWORK_SEARCH_PATHS = (
					"$(inherited)",
					"$(PROJECT_DIR)/Carthage/Build/iOS",
					"$(PROJECT_DIR)/OfferApp/Verdor",
				);
				INFOPLIST_FILE = OfferApp/Info.plist;
				IPHONEOS_DEPLOYMENT_TARGET = 9.0;
				LD_RUNPATH_SEARCH_PATHS = (
					"$(inherited)",
					"@executable_path/Frameworks",
				);
				PRODUCT_BUNDLE_IDENTIFIER = com.learn.OfferApp111;
				PRODUCT_NAME = "$(TARGET_NAME)";
				TARGETED_DEVICE_FAMILY = "1,2";
			};
			name = Release;
		};
/* End XCBuildConfiguration section */

/* Begin XCConfigurationList section */
		D47F28CF216EF5C800424800 /* Build configuration list for PBXProject "OfferApp" */ = {
			isa = XCConfigurationList;
			buildConfigurations = (
				D47F28E8216EF5CA00424800 /* Debug */,
				D47F28E9216EF5CA00424800 /* Release */,
			);
			defaultConfigurationIsVisible = 0;
			defaultConfigurationName = Release;
		};
		D47F28EA216EF5CA00424800 /* Build configuration list for PBXNativeTarget "OfferApp" */ = {
			isa = XCConfigurationList;
			buildConfigurations = (
				D47F28EB216EF5CA00424800 /* Debug */,
				D47F28EC216EF5CA00424800 /* Release */,
			);
			defaultConfigurationIsVisible = 0;
			defaultConfigurationName = Release;
		};
/* End XCConfigurationList section */
	};
	rootObject = D47F28CC216EF5C800424800 /* Project object */;
}
