// !$*UTF8*$!
{
	archiveVersion = 1;
	classes = {
	};
	objectVersion = 50;
	objects = {

/* Begin PBXBuildFile section */
		7FCA1BB4B2CAB6F78F15E32A /* libPods-OfferApp.a in Frameworks */ = {isa = PBXBuildFile; fileRef = 447797FAC45F44447C6E5313 /* libPods-OfferApp.a */; };
		D44C824C22B8E4C80001BB79 /* runloop.jpg in Resources */ = {isa = PBXBuildFile; fileRef = D44C824B22B8E4C80001BB79 /* runloop.jpg */; };
		D4672E3922962B3B00A5DE44 /* CrashCollectVC.m in Sources */ = {isa = PBXBuildFile; fileRef = D4672DC522962B3B00A5DE44 /* CrashCollectVC.m */; };
		D4672E3A22962B3B00A5DE44 /* MemoryObj.m in Sources */ = {isa = PBXBuildFile; fileRef = D4672DC922962B3B00A5DE44 /* MemoryObj.m */; };
		D4672E3B22962B3B00A5DE44 /* MemoryVC.m in Sources */ = {isa = PBXBuildFile; fileRef = D4672DCB22962B3B00A5DE44 /* MemoryVC.m */; };
		D4672E3C22962B3B00A5DE44 /* RunloopVC.m in Sources */ = {isa = PBXBuildFile; fileRef = D4672DCE22962B3B00A5DE44 /* RunloopVC.m */; };
		D4672E3D22962B3B00A5DE44 /* BaseViewController.m in Sources */ = {isa = PBXBuildFile; fileRef = D4672DD122962B3B00A5DE44 /* BaseViewController.m */; };
		D4672E3E22962B3B00A5DE44 /* UIViewController+Log.m in Sources */ = {isa = PBXBuildFile; fileRef = D4672DD322962B3B00A5DE44 /* UIViewController+Log.m */; };
		D4672E3F22962B3B00A5DE44 /* Sub.m in Sources */ = {isa = PBXBuildFile; fileRef = D4672DD422962B3B00A5DE44 /* Sub.m */; };
		D4672E4022962B3B00A5DE44 /* UIDebuggingInformationOverlay+Enable.m in Sources */ = {isa = PBXBuildFile; fileRef = D4672DD622962B3B00A5DE44 /* UIDebuggingInformationOverlay+Enable.m */; };
		D4672E4122962B3B00A5DE44 /* AssembleVC.m in Sources */ = {isa = PBXBuildFile; fileRef = D4672DD822962B3B00A5DE44 /* AssembleVC.m */; };
		D4672E4222962B3B00A5DE44 /* Assets.xcassets in Resources */ = {isa = PBXBuildFile; fileRef = D4672DDA22962B3B00A5DE44 /* Assets.xcassets */; };
		D4672E4322962B3B00A5DE44 /* RuntimeVC.m in Sources */ = {isa = PBXBuildFile; fileRef = D4672DDC22962B3B00A5DE44 /* RuntimeVC.m */; };
		D4672E4422962B3B00A5DE44 /* KVOViewController.m in Sources */ = {isa = PBXBuildFile; fileRef = D4672DDD22962B3B00A5DE44 /* KVOViewController.m */; };
		D4672E4522962B3B00A5DE44 /* RPerson.m in Sources */ = {isa = PBXBuildFile; fileRef = D4672DE122962B3B00A5DE44 /* RPerson.m */; };
		D4672E4622962B3B00A5DE44 /* CarthageVC.m in Sources */ = {isa = PBXBuildFile; fileRef = D4672DE322962B3B00A5DE44 /* CarthageVC.m */; };
		D4672E4722962B3B00A5DE44 /* ViewController.m in Sources */ = {isa = PBXBuildFile; fileRef = D4672DE522962B3B00A5DE44 /* ViewController.m */; };
		D4672E4822962B3B00A5DE44 /* GroupViewController.m in Sources */ = {isa = PBXBuildFile; fileRef = D4672DE722962B3B00A5DE44 /* GroupViewController.m */; };
		D4672E4922962B3B00A5DE44 /* CrashVC.m in Sources */ = {isa = PBXBuildFile; fileRef = D4672DEB22962B3B00A5DE44 /* CrashVC.m */; };
		D4672E4A22962B3B00A5DE44 /* NumberViewModel.m in Sources */ = {isa = PBXBuildFile; fileRef = D4672DF122962B3B00A5DE44 /* NumberViewModel.m */; };
		D4672E4B22962B3B00A5DE44 /* NumberItemCell.m in Sources */ = {isa = PBXBuildFile; fileRef = D4672DF222962B3B00A5DE44 /* NumberItemCell.m */; };
		D4672E4C22962B3B00A5DE44 /* NumberCell.m in Sources */ = {isa = PBXBuildFile; fileRef = D4672DF322962B3B00A5DE44 /* NumberCell.m */; };
		D4672E4D22962B3B00A5DE44 /* BugVC.m in Sources */ = {isa = PBXBuildFile; fileRef = D4672DF422962B3B00A5DE44 /* BugVC.m */; };
		D4672E4E22962B3B00A5DE44 /* CollectionOffsetBugVC.m in Sources */ = {isa = PBXBuildFile; fileRef = D4672DF522962B3B00A5DE44 /* CollectionOffsetBugVC.m */; };
		D4672E4F22962B3B00A5DE44 /* WebViewController.m in Sources */ = {isa = PBXBuildFile; fileRef = D4672DF822962B3B00A5DE44 /* WebViewController.m */; };
		D4672E5022962B3B00A5DE44 /* test.html in Resources */ = {isa = PBXBuildFile; fileRef = D4672DF922962B3B00A5DE44 /* test.html */; };
		D4672E5122962B3B00A5DE44 /* LaunchScreen.storyboard in Resources */ = {isa = PBXBuildFile; fileRef = D4672DFB22962B3B00A5DE44 /* LaunchScreen.storyboard */; };
		D4672E5222962B3B00A5DE44 /* Main.storyboard in Resources */ = {isa = PBXBuildFile; fileRef = D4672DFD22962B3B00A5DE44 /* Main.storyboard */; };
		D4672E5322962B3B00A5DE44 /* UrlVC.m in Sources */ = {isa = PBXBuildFile; fileRef = D4672E0122962B3B00A5DE44 /* UrlVC.m */; };
		D4672E5422962B3B00A5DE44 /* MyViewController.m in Sources */ = {isa = PBXBuildFile; fileRef = D4672E0422962B3B00A5DE44 /* MyViewController.m */; };
		D4672E5522962B3B00A5DE44 /* main.m in Sources */ = {isa = PBXBuildFile; fileRef = D4672E0522962B3B00A5DE44 /* main.m */; };
		D4672E5622962B3B00A5DE44 /* DoubleDemoVC.m in Sources */ = {isa = PBXBuildFile; fileRef = D4672E0722962B3B00A5DE44 /* DoubleDemoVC.m */; };
		D4672E5722962B3B00A5DE44 /* AppDelegate.m in Sources */ = {isa = PBXBuildFile; fileRef = D4672E0922962B3B00A5DE44 /* AppDelegate.m */; };
		D4672E5822962B3B00A5DE44 /* SMCallStackModel.m in Sources */ = {isa = PBXBuildFile; fileRef = D4672E0C22962B3B00A5DE44 /* SMCallStackModel.m */; };
		D4672E5922962B3B00A5DE44 /* SMLagButton.m in Sources */ = {isa = PBXBuildFile; fileRef = D4672E0F22962B3B00A5DE44 /* SMLagButton.m */; };
		D4672E5A22962B3B00A5DE44 /* SMLagDB.m in Sources */ = {isa = PBXBuildFile; fileRef = D4672E1022962B3B00A5DE44 /* SMLagDB.m */; };
		D4672E5B22962B3B00A5DE44 /* SMCPUMonitor.m in Sources */ = {isa = PBXBuildFile; fileRef = D4672E1222962B3B00A5DE44 /* SMCPUMonitor.m */; };
		D4672E5C22962B3B00A5DE44 /* SMCallTraceTimeCostModel.m in Sources */ = {isa = PBXBuildFile; fileRef = D4672E1722962B3B00A5DE44 /* SMCallTraceTimeCostModel.m */; };
		D4672E5D22962B3B00A5DE44 /* SMLagMonitor.m in Sources */ = {isa = PBXBuildFile; fileRef = D4672E1A22962B3B00A5DE44 /* SMLagMonitor.m */; };
		D4672E5E22962B3B00A5DE44 /* SMCallTrace.m in Sources */ = {isa = PBXBuildFile; fileRef = D4672E1B22962B3B00A5DE44 /* SMCallTrace.m */; };
		D4672E5F22962B3B00A5DE44 /* SMStackCell.m in Sources */ = {isa = PBXBuildFile; fileRef = D4672E1D22962B3B00A5DE44 /* SMStackCell.m */; };
		D4672E6022962B3B00A5DE44 /* SMStackViewController.m in Sources */ = {isa = PBXBuildFile; fileRef = D4672E1E22962B3B00A5DE44 /* SMStackViewController.m */; };
		D4672E6122962B3B00A5DE44 /* SMCallStack.m in Sources */ = {isa = PBXBuildFile; fileRef = D4672E1F22962B3B00A5DE44 /* SMCallStack.m */; };
		D4672E6222962B3B00A5DE44 /* SMClsCallCell.m in Sources */ = {isa = PBXBuildFile; fileRef = D4672E2222962B3B00A5DE44 /* SMClsCallCell.m */; };
		D4672E6322962B3B00A5DE44 /* SMCallTraceCore.c in Sources */ = {isa = PBXBuildFile; fileRef = D4672E2322962B3B00A5DE44 /* SMCallTraceCore.c */; };
		D4672E6422962B3B00A5DE44 /* SMCallLib.m in Sources */ = {isa = PBXBuildFile; fileRef = D4672E2422962B3B00A5DE44 /* SMCallLib.m */; };
		D4672E6522962B3B00A5DE44 /* SMClsCallViewController.m in Sources */ = {isa = PBXBuildFile; fileRef = D4672E2622962B3B00A5DE44 /* SMClsCallViewController.m */; };
		D4672E6622962B3B00A5DE44 /* KeywordVC.m in Sources */ = {isa = PBXBuildFile; fileRef = D4672E2822962B3B00A5DE44 /* KeywordVC.m */; };
		D4672E6722962B3B00A5DE44 /* ClassVC.m in Sources */ = {isa = PBXBuildFile; fileRef = D4672E2922962B3B00A5DE44 /* ClassVC.m */; };
		D4672E6822962B3B00A5DE44 /* Father.m in Sources */ = {isa = PBXBuildFile; fileRef = D4672E2D22962B3B00A5DE44 /* Father.m */; };
		D4672E6922962B3B00A5DE44 /* Son.m in Sources */ = {isa = PBXBuildFile; fileRef = D4672E2E22962B3B00A5DE44 /* Son.m */; };
		D4672E6A22962B3B00A5DE44 /* CViewController.m in Sources */ = {isa = PBXBuildFile; fileRef = D4672E3322962B3B00A5DE44 /* CViewController.m */; };
		D4672E6B22962B3B00A5DE44 /* Info.plist in Resources */ = {isa = PBXBuildFile; fileRef = D4672E3422962B3B00A5DE44 /* Info.plist */; };
		D4672E6C22962B3B00A5DE44 /* MultiThreadVC.m in Sources */ = {isa = PBXBuildFile; fileRef = D4672E3722962B3B00A5DE44 /* MultiThreadVC.m */; };
/* End PBXBuildFile section */

/* Begin PBXFileReference section */
		3EDEADCF0F9B431238999766 /* Pods-OfferApp.debug.xcconfig */ = {isa = PBXFileReference; includeInIndex = 1; lastKnownFileType = text.xcconfig; name = "Pods-OfferApp.debug.xcconfig"; path = "Pods/Target Support Files/Pods-OfferApp/Pods-OfferApp.debug.xcconfig"; sourceTree = "<group>"; };
		447797FAC45F44447C6E5313 /* libPods-OfferApp.a */ = {isa = PBXFileReference; explicitFileType = archive.ar; includeInIndex = 0; path = "libPods-OfferApp.a"; sourceTree = BUILT_PRODUCTS_DIR; };
		6EF2A1949D334438935EFF19 /* Pods-OfferApp.release.xcconfig */ = {isa = PBXFileReference; includeInIndex = 1; lastKnownFileType = text.xcconfig; name = "Pods-OfferApp.release.xcconfig"; path = "Pods/Target Support Files/Pods-OfferApp/Pods-OfferApp.release.xcconfig"; sourceTree = "<group>"; };
		D44C824B22B8E4C80001BB79 /* runloop.jpg */ = {isa = PBXFileReference; lastKnownFileType = image.jpeg; path = runloop.jpg; sourceTree = "<group>"; };
		D4672DC322962B3B00A5DE44 /* AppDelegate.h */ = {isa = PBXFileReference; fileEncoding = 4; lastKnownFileType = sourcecode.c.h; path = AppDelegate.h; sourceTree = "<group>"; };
		D4672DC522962B3B00A5DE44 /* CrashCollectVC.m */ = {isa = PBXFileReference; fileEncoding = 4; lastKnownFileType = sourcecode.c.objc; path = CrashCollectVC.m; sourceTree = "<group>"; };
		D4672DC622962B3B00A5DE44 /* CrashCollectVC.h */ = {isa = PBXFileReference; fileEncoding = 4; lastKnownFileType = sourcecode.c.h; path = CrashCollectVC.h; sourceTree = "<group>"; };
		D4672DC822962B3B00A5DE44 /* MemoryVC.h */ = {isa = PBXFileReference; fileEncoding = 4; lastKnownFileType = sourcecode.c.h; path = MemoryVC.h; sourceTree = "<group>"; };
		D4672DC922962B3B00A5DE44 /* MemoryObj.m */ = {isa = PBXFileReference; fileEncoding = 4; lastKnownFileType = sourcecode.c.objc; path = MemoryObj.m; sourceTree = "<group>"; };
		D4672DCA22962B3B00A5DE44 /* MemoryObj.h */ = {isa = PBXFileReference; fileEncoding = 4; lastKnownFileType = sourcecode.c.h; path = MemoryObj.h; sourceTree = "<group>"; };
		D4672DCB22962B3B00A5DE44 /* MemoryVC.m */ = {isa = PBXFileReference; fileEncoding = 4; lastKnownFileType = sourcecode.c.objc; path = MemoryVC.m; sourceTree = "<group>"; };
		D4672DCD22962B3B00A5DE44 /* RunloopVC.h */ = {isa = PBXFileReference; fileEncoding = 4; lastKnownFileType = sourcecode.c.h; path = RunloopVC.h; sourceTree = "<group>"; };
		D4672DCE22962B3B00A5DE44 /* RunloopVC.m */ = {isa = PBXFileReference; fileEncoding = 4; lastKnownFileType = sourcecode.c.objc; path = RunloopVC.m; sourceTree = "<group>"; };
		D4672DD022962B3B00A5DE44 /* UIViewController+Log.h */ = {isa = PBXFileReference; fileEncoding = 4; lastKnownFileType = sourcecode.c.h; path = "UIViewController+Log.h"; sourceTree = "<group>"; };
		D4672DD122962B3B00A5DE44 /* BaseViewController.m */ = {isa = PBXFileReference; fileEncoding = 4; lastKnownFileType = sourcecode.c.objc; path = BaseViewController.m; sourceTree = "<group>"; };
		D4672DD222962B3B00A5DE44 /* Sub.h */ = {isa = PBXFileReference; fileEncoding = 4; lastKnownFileType = sourcecode.c.h; path = Sub.h; sourceTree = "<group>"; };
		D4672DD322962B3B00A5DE44 /* UIViewController+Log.m */ = {isa = PBXFileReference; fileEncoding = 4; lastKnownFileType = sourcecode.c.objc; path = "UIViewController+Log.m"; sourceTree = "<group>"; };
		D4672DD422962B3B00A5DE44 /* Sub.m */ = {isa = PBXFileReference; fileEncoding = 4; lastKnownFileType = sourcecode.c.objc; path = Sub.m; sourceTree = "<group>"; };
		D4672DD522962B3B00A5DE44 /* BaseViewController.h */ = {isa = PBXFileReference; fileEncoding = 4; lastKnownFileType = sourcecode.c.h; path = BaseViewController.h; sourceTree = "<group>"; };
		D4672DD622962B3B00A5DE44 /* UIDebuggingInformationOverlay+Enable.m */ = {isa = PBXFileReference; fileEncoding = 4; lastKnownFileType = sourcecode.c.objc; path = "UIDebuggingInformationOverlay+Enable.m"; sourceTree = "<group>"; };
		D4672DD822962B3B00A5DE44 /* AssembleVC.m */ = {isa = PBXFileReference; fileEncoding = 4; lastKnownFileType = sourcecode.c.objc; path = AssembleVC.m; sourceTree = "<group>"; };
		D4672DD922962B3B00A5DE44 /* AssembleVC.h */ = {isa = PBXFileReference; fileEncoding = 4; lastKnownFileType = sourcecode.c.h; path = AssembleVC.h; sourceTree = "<group>"; };
		D4672DDA22962B3B00A5DE44 /* Assets.xcassets */ = {isa = PBXFileReference; lastKnownFileType = folder.assetcatalog; path = Assets.xcassets; sourceTree = "<group>"; };
		D4672DDC22962B3B00A5DE44 /* RuntimeVC.m */ = {isa = PBXFileReference; fileEncoding = 4; lastKnownFileType = sourcecode.c.objc; path = RuntimeVC.m; sourceTree = "<group>"; };
		D4672DDD22962B3B00A5DE44 /* KVOViewController.m */ = {isa = PBXFileReference; fileEncoding = 4; lastKnownFileType = sourcecode.c.objc; path = KVOViewController.m; sourceTree = "<group>"; };
		D4672DDE22962B3B00A5DE44 /* RPerson.h */ = {isa = PBXFileReference; fileEncoding = 4; lastKnownFileType = sourcecode.c.h; path = RPerson.h; sourceTree = "<group>"; };
		D4672DDF22962B3B00A5DE44 /* KVOViewController.h */ = {isa = PBXFileReference; fileEncoding = 4; lastKnownFileType = sourcecode.c.h; path = KVOViewController.h; sourceTree = "<group>"; };
		D4672DE022962B3B00A5DE44 /* RuntimeVC.h */ = {isa = PBXFileReference; fileEncoding = 4; lastKnownFileType = sourcecode.c.h; path = RuntimeVC.h; sourceTree = "<group>"; };
		D4672DE122962B3B00A5DE44 /* RPerson.m */ = {isa = PBXFileReference; fileEncoding = 4; lastKnownFileType = sourcecode.c.objc; path = RPerson.m; sourceTree = "<group>"; };
		D4672DE322962B3B00A5DE44 /* CarthageVC.m */ = {isa = PBXFileReference; fileEncoding = 4; lastKnownFileType = sourcecode.c.objc; path = CarthageVC.m; sourceTree = "<group>"; };
		D4672DE422962B3B00A5DE44 /* CarthageVC.h */ = {isa = PBXFileReference; fileEncoding = 4; lastKnownFileType = sourcecode.c.h; path = CarthageVC.h; sourceTree = "<group>"; };
		D4672DE522962B3B00A5DE44 /* ViewController.m */ = {isa = PBXFileReference; fileEncoding = 4; lastKnownFileType = sourcecode.c.objc; path = ViewController.m; sourceTree = "<group>"; };
		D4672DE722962B3B00A5DE44 /* GroupViewController.m */ = {isa = PBXFileReference; fileEncoding = 4; lastKnownFileType = sourcecode.c.objc; path = GroupViewController.m; sourceTree = "<group>"; };
		D4672DE822962B3B00A5DE44 /* GroupViewController.h */ = {isa = PBXFileReference; fileEncoding = 4; lastKnownFileType = sourcecode.c.h; path = GroupViewController.h; sourceTree = "<group>"; };
		D4672DEA22962B3B00A5DE44 /* CrashVC.h */ = {isa = PBXFileReference; fileEncoding = 4; lastKnownFileType = sourcecode.c.h; path = CrashVC.h; sourceTree = "<group>"; };
		D4672DEB22962B3B00A5DE44 /* CrashVC.m */ = {isa = PBXFileReference; fileEncoding = 4; lastKnownFileType = sourcecode.c.objc; path = CrashVC.m; sourceTree = "<group>"; };
		D4672DED22962B3B00A5DE44 /* NumberItemCell.h */ = {isa = PBXFileReference; fileEncoding = 4; lastKnownFileType = sourcecode.c.h; path = NumberItemCell.h; sourceTree = "<group>"; };
		D4672DEE22962B3B00A5DE44 /* CollectionOffsetBugVC.h */ = {isa = PBXFileReference; fileEncoding = 4; lastKnownFileType = sourcecode.c.h; path = CollectionOffsetBugVC.h; sourceTree = "<group>"; };
		D4672DEF22962B3B00A5DE44 /* BugVC.h */ = {isa = PBXFileReference; fileEncoding = 4; lastKnownFileType = sourcecode.c.h; path = BugVC.h; sourceTree = "<group>"; };
		D4672DF022962B3B00A5DE44 /* NumberCell.h */ = {isa = PBXFileReference; fileEncoding = 4; lastKnownFileType = sourcecode.c.h; path = NumberCell.h; sourceTree = "<group>"; };
		D4672DF122962B3B00A5DE44 /* NumberViewModel.m */ = {isa = PBXFileReference; fileEncoding = 4; lastKnownFileType = sourcecode.c.objc; path = NumberViewModel.m; sourceTree = "<group>"; };
		D4672DF222962B3B00A5DE44 /* NumberItemCell.m */ = {isa = PBXFileReference; fileEncoding = 4; lastKnownFileType = sourcecode.c.objc; path = NumberItemCell.m; sourceTree = "<group>"; };
		D4672DF322962B3B00A5DE44 /* NumberCell.m */ = {isa = PBXFileReference; fileEncoding = 4; lastKnownFileType = sourcecode.c.objc; path = NumberCell.m; sourceTree = "<group>"; };
		D4672DF422962B3B00A5DE44 /* BugVC.m */ = {isa = PBXFileReference; fileEncoding = 4; lastKnownFileType = sourcecode.c.objc; path = BugVC.m; sourceTree = "<group>"; };
		D4672DF522962B3B00A5DE44 /* CollectionOffsetBugVC.m */ = {isa = PBXFileReference; fileEncoding = 4; lastKnownFileType = sourcecode.c.objc; path = CollectionOffsetBugVC.m; sourceTree = "<group>"; };
		D4672DF622962B3B00A5DE44 /* NumberViewModel.h */ = {isa = PBXFileReference; fileEncoding = 4; lastKnownFileType = sourcecode.c.h; path = NumberViewModel.h; sourceTree = "<group>"; };
		D4672DF822962B3B00A5DE44 /* WebViewController.m */ = {isa = PBXFileReference; fileEncoding = 4; lastKnownFileType = sourcecode.c.objc; path = WebViewController.m; sourceTree = "<group>"; };
		D4672DF922962B3B00A5DE44 /* test.html */ = {isa = PBXFileReference; fileEncoding = 4; lastKnownFileType = text.html; path = test.html; sourceTree = "<group>"; };
		D4672DFA22962B3B00A5DE44 /* WebViewController.h */ = {isa = PBXFileReference; fileEncoding = 4; lastKnownFileType = sourcecode.c.h; path = WebViewController.h; sourceTree = "<group>"; };
		D4672DFC22962B3B00A5DE44 /* Base */ = {isa = PBXFileReference; lastKnownFileType = file.storyboard; name = Base; path = Base.lproj/LaunchScreen.storyboard; sourceTree = "<group>"; };
		D4672DFE22962B3B00A5DE44 /* Base */ = {isa = PBXFileReference; lastKnownFileType = file.storyboard; name = Base; path = Base.lproj/Main.storyboard; sourceTree = "<group>"; };
		D4672E0022962B3B00A5DE44 /* UrlVC.h */ = {isa = PBXFileReference; fileEncoding = 4; lastKnownFileType = sourcecode.c.h; path = UrlVC.h; sourceTree = "<group>"; };
		D4672E0122962B3B00A5DE44 /* UrlVC.m */ = {isa = PBXFileReference; fileEncoding = 4; lastKnownFileType = sourcecode.c.objc; path = UrlVC.m; sourceTree = "<group>"; };
		D4672E0322962B3B00A5DE44 /* MyViewController.h */ = {isa = PBXFileReference; fileEncoding = 4; lastKnownFileType = sourcecode.c.h; path = MyViewController.h; sourceTree = "<group>"; };
		D4672E0422962B3B00A5DE44 /* MyViewController.m */ = {isa = PBXFileReference; fileEncoding = 4; lastKnownFileType = sourcecode.c.objc; path = MyViewController.m; sourceTree = "<group>"; };
		D4672E0522962B3B00A5DE44 /* main.m */ = {isa = PBXFileReference; fileEncoding = 4; lastKnownFileType = sourcecode.c.objc; path = main.m; sourceTree = "<group>"; };
		D4672E0722962B3B00A5DE44 /* DoubleDemoVC.m */ = {isa = PBXFileReference; fileEncoding = 4; lastKnownFileType = sourcecode.c.objc; path = DoubleDemoVC.m; sourceTree = "<group>"; };
		D4672E0822962B3B00A5DE44 /* DoubleDemoVC.h */ = {isa = PBXFileReference; fileEncoding = 4; lastKnownFileType = sourcecode.c.h; path = DoubleDemoVC.h; sourceTree = "<group>"; };
		D4672E0922962B3B00A5DE44 /* AppDelegate.m */ = {isa = PBXFileReference; fileEncoding = 4; lastKnownFileType = sourcecode.c.objc; path = AppDelegate.m; sourceTree = "<group>"; };
		D4672E0B22962B3B00A5DE44 /* SMStackCell.h */ = {isa = PBXFileReference; fileEncoding = 4; lastKnownFileType = sourcecode.c.h; path = SMStackCell.h; sourceTree = "<group>"; };
		D4672E0C22962B3B00A5DE44 /* SMCallStackModel.m */ = {isa = PBXFileReference; fileEncoding = 4; lastKnownFileType = sourcecode.c.objc; path = SMCallStackModel.m; sourceTree = "<group>"; };
		D4672E0D22962B3B00A5DE44 /* SMCallTrace.h */ = {isa = PBXFileReference; fileEncoding = 4; lastKnownFileType = sourcecode.c.h; path = SMCallTrace.h; sourceTree = "<group>"; };
		D4672E0E22962B3B00A5DE44 /* SMLagMonitor.h */ = {isa = PBXFileReference; fileEncoding = 4; lastKnownFileType = sourcecode.c.h; path = SMLagMonitor.h; sourceTree = "<group>"; };
		D4672E0F22962B3B00A5DE44 /* SMLagButton.m */ = {isa = PBXFileReference; fileEncoding = 4; lastKnownFileType = sourcecode.c.objc; path = SMLagButton.m; sourceTree = "<group>"; };
		D4672E1022962B3B00A5DE44 /* SMLagDB.m */ = {isa = PBXFileReference; fileEncoding = 4; lastKnownFileType = sourcecode.c.objc; path = SMLagDB.m; sourceTree = "<group>"; };
		D4672E1122962B3B00A5DE44 /* SMCallStack.h */ = {isa = PBXFileReference; fileEncoding = 4; lastKnownFileType = sourcecode.c.h; path = SMCallStack.h; sourceTree = "<group>"; };
		D4672E1222962B3B00A5DE44 /* SMCPUMonitor.m */ = {isa = PBXFileReference; fileEncoding = 4; lastKnownFileType = sourcecode.c.objc; path = SMCPUMonitor.m; sourceTree = "<group>"; };
		D4672E1322962B3B00A5DE44 /* SMStackViewController.h */ = {isa = PBXFileReference; fileEncoding = 4; lastKnownFileType = sourcecode.c.h; path = SMStackViewController.h; sourceTree = "<group>"; };
		D4672E1422962B3B00A5DE44 /* SMCallTraceCore.h */ = {isa = PBXFileReference; fileEncoding = 4; lastKnownFileType = sourcecode.c.h; path = SMCallTraceCore.h; sourceTree = "<group>"; };
		D4672E1522962B3B00A5DE44 /* SMClsCallCell.h */ = {isa = PBXFileReference; fileEncoding = 4; lastKnownFileType = sourcecode.c.h; path = SMClsCallCell.h; sourceTree = "<group>"; };
		D4672E1622962B3B00A5DE44 /* SMClsCallViewController.h */ = {isa = PBXFileReference; fileEncoding = 4; lastKnownFileType = sourcecode.c.h; path = SMClsCallViewController.h; sourceTree = "<group>"; };
		D4672E1722962B3B00A5DE44 /* SMCallTraceTimeCostModel.m */ = {isa = PBXFileReference; fileEncoding = 4; lastKnownFileType = sourcecode.c.objc; path = SMCallTraceTimeCostModel.m; sourceTree = "<group>"; };
		D4672E1822962B3B00A5DE44 /* SMCallLib.h */ = {isa = PBXFileReference; fileEncoding = 4; lastKnownFileType = sourcecode.c.h; path = SMCallLib.h; sourceTree = "<group>"; };
		D4672E1922962B3B00A5DE44 /* SMLagButton.h */ = {isa = PBXFileReference; fileEncoding = 4; lastKnownFileType = sourcecode.c.h; path = SMLagButton.h; sourceTree = "<group>"; };
		D4672E1A22962B3B00A5DE44 /* SMLagMonitor.m */ = {isa = PBXFileReference; fileEncoding = 4; lastKnownFileType = sourcecode.c.objc; path = SMLagMonitor.m; sourceTree = "<group>"; };
		D4672E1B22962B3B00A5DE44 /* SMCallTrace.m */ = {isa = PBXFileReference; fileEncoding = 4; lastKnownFileType = sourcecode.c.objc; path = SMCallTrace.m; sourceTree = "<group>"; };
		D4672E1C22962B3B00A5DE44 /* SMCallStackModel.h */ = {isa = PBXFileReference; fileEncoding = 4; lastKnownFileType = sourcecode.c.h; path = SMCallStackModel.h; sourceTree = "<group>"; };
		D4672E1D22962B3B00A5DE44 /* SMStackCell.m */ = {isa = PBXFileReference; fileEncoding = 4; lastKnownFileType = sourcecode.c.objc; path = SMStackCell.m; sourceTree = "<group>"; };
		D4672E1E22962B3B00A5DE44 /* SMStackViewController.m */ = {isa = PBXFileReference; fileEncoding = 4; lastKnownFileType = sourcecode.c.objc; path = SMStackViewController.m; sourceTree = "<group>"; };
		D4672E1F22962B3B00A5DE44 /* SMCallStack.m */ = {isa = PBXFileReference; fileEncoding = 4; lastKnownFileType = sourcecode.c.objc; path = SMCallStack.m; sourceTree = "<group>"; };
		D4672E2022962B3B00A5DE44 /* SMCPUMonitor.h */ = {isa = PBXFileReference; fileEncoding = 4; lastKnownFileType = sourcecode.c.h; path = SMCPUMonitor.h; sourceTree = "<group>"; };
		D4672E2122962B3B00A5DE44 /* SMLagDB.h */ = {isa = PBXFileReference; fileEncoding = 4; lastKnownFileType = sourcecode.c.h; path = SMLagDB.h; sourceTree = "<group>"; };
		D4672E2222962B3B00A5DE44 /* SMClsCallCell.m */ = {isa = PBXFileReference; fileEncoding = 4; lastKnownFileType = sourcecode.c.objc; path = SMClsCallCell.m; sourceTree = "<group>"; };
		D4672E2322962B3B00A5DE44 /* SMCallTraceCore.c */ = {isa = PBXFileReference; fileEncoding = 4; lastKnownFileType = sourcecode.c.c; path = SMCallTraceCore.c; sourceTree = "<group>"; };
		D4672E2422962B3B00A5DE44 /* SMCallLib.m */ = {isa = PBXFileReference; fileEncoding = 4; lastKnownFileType = sourcecode.c.objc; path = SMCallLib.m; sourceTree = "<group>"; };
		D4672E2522962B3B00A5DE44 /* SMCallTraceTimeCostModel.h */ = {isa = PBXFileReference; fileEncoding = 4; lastKnownFileType = sourcecode.c.h; path = SMCallTraceTimeCostModel.h; sourceTree = "<group>"; };
		D4672E2622962B3B00A5DE44 /* SMClsCallViewController.m */ = {isa = PBXFileReference; fileEncoding = 4; lastKnownFileType = sourcecode.c.objc; path = SMClsCallViewController.m; sourceTree = "<group>"; };
		D4672E2822962B3B00A5DE44 /* KeywordVC.m */ = {isa = PBXFileReference; fileEncoding = 4; lastKnownFileType = sourcecode.c.objc; path = KeywordVC.m; sourceTree = "<group>"; };
		D4672E2922962B3B00A5DE44 /* ClassVC.m */ = {isa = PBXFileReference; fileEncoding = 4; lastKnownFileType = sourcecode.c.objc; path = ClassVC.m; sourceTree = "<group>"; };
		D4672E2A22962B3B00A5DE44 /* ClassVC.h */ = {isa = PBXFileReference; fileEncoding = 4; lastKnownFileType = sourcecode.c.h; path = ClassVC.h; sourceTree = "<group>"; };
		D4672E2C22962B3B00A5DE44 /* Son.h */ = {isa = PBXFileReference; fileEncoding = 4; lastKnownFileType = sourcecode.c.h; path = Son.h; sourceTree = "<group>"; };
		D4672E2D22962B3B00A5DE44 /* Father.m */ = {isa = PBXFileReference; fileEncoding = 4; lastKnownFileType = sourcecode.c.objc; path = Father.m; sourceTree = "<group>"; };
		D4672E2E22962B3B00A5DE44 /* Son.m */ = {isa = PBXFileReference; fileEncoding = 4; lastKnownFileType = sourcecode.c.objc; path = Son.m; sourceTree = "<group>"; };
		D4672E2F22962B3B00A5DE44 /* Father.h */ = {isa = PBXFileReference; fileEncoding = 4; lastKnownFileType = sourcecode.c.h; path = Father.h; sourceTree = "<group>"; };
		D4672E3022962B3B00A5DE44 /* KeywordVC.h */ = {isa = PBXFileReference; fileEncoding = 4; lastKnownFileType = sourcecode.c.h; path = KeywordVC.h; sourceTree = "<group>"; };
		D4672E3222962B3B00A5DE44 /* CViewController.h */ = {isa = PBXFileReference; fileEncoding = 4; lastKnownFileType = sourcecode.c.h; path = CViewController.h; sourceTree = "<group>"; };
		D4672E3322962B3B00A5DE44 /* CViewController.m */ = {isa = PBXFileReference; fileEncoding = 4; lastKnownFileType = sourcecode.c.objc; path = CViewController.m; sourceTree = "<group>"; };
		D4672E3422962B3B00A5DE44 /* Info.plist */ = {isa = PBXFileReference; fileEncoding = 4; lastKnownFileType = text.plist.xml; path = Info.plist; sourceTree = "<group>"; };
		D4672E3622962B3B00A5DE44 /* MultiThreadVC.h */ = {isa = PBXFileReference; fileEncoding = 4; lastKnownFileType = sourcecode.c.h; path = MultiThreadVC.h; sourceTree = "<group>"; };
		D4672E3722962B3B00A5DE44 /* MultiThreadVC.m */ = {isa = PBXFileReference; fileEncoding = 4; lastKnownFileType = sourcecode.c.objc; path = MultiThreadVC.m; sourceTree = "<group>"; };
		D4672E3822962B3B00A5DE44 /* ViewController.h */ = {isa = PBXFileReference; fileEncoding = 4; lastKnownFileType = sourcecode.c.h; path = ViewController.h; sourceTree = "<group>"; };
		D47F28D4216EF5C800424800 /* OfferApp.app */ = {isa = PBXFileReference; explicitFileType = wrapper.application; includeInIndex = 0; path = OfferApp.app; sourceTree = BUILT_PRODUCTS_DIR; };
		D4CEB71E2266CE77007E4B55 /* SweetAlert.framework */ = {isa = PBXFileReference; lastKnownFileType = wrapper.framework; name = SweetAlert.framework; path = Carthage/Build/iOS/SweetAlert.framework; sourceTree = "<group>"; };
/* End PBXFileReference section */

/* Begin PBXFrameworksBuildPhase section */
		D47F28D1216EF5C800424800 /* Frameworks */ = {
			isa = PBXFrameworksBuildPhase;
			buildActionMask = 2147483647;
			files = (
				7FCA1BB4B2CAB6F78F15E32A /* libPods-OfferApp.a in Frameworks */,
			);
			runOnlyForDeploymentPostprocessing = 0;
		};
/* End PBXFrameworksBuildPhase section */

/* Begin PBXGroup section */
		01D04CA5CB6E3CDC7CFA2923 /* Pods */ = {
			isa = PBXGroup;
			children = (
				3EDEADCF0F9B431238999766 /* Pods-OfferApp.debug.xcconfig */,
				6EF2A1949D334438935EFF19 /* Pods-OfferApp.release.xcconfig */,
			);
			name = Pods;
			sourceTree = "<group>";
		};
		632B53FC7AF156B85C23DD30 /* Frameworks */ = {
			isa = PBXGroup;
			children = (
				D4CEB71E2266CE77007E4B55 /* SweetAlert.framework */,
				447797FAC45F44447C6E5313 /* libPods-OfferApp.a */,
			);
			name = Frameworks;
			sourceTree = "<group>";
		};
		D4672DC222962B3B00A5DE44 /* OfferApp */ = {
			isa = PBXGroup;
			children = (
				D4672DC322962B3B00A5DE44 /* AppDelegate.h */,
				D4672DC422962B3B00A5DE44 /* CrashCollect */,
				D4672DC722962B3B00A5DE44 /* Memory */,
				D4672DCC22962B3B00A5DE44 /* Runloop */,
				D4672DCF22962B3B00A5DE44 /* Category */,
				D4672DD622962B3B00A5DE44 /* UIDebuggingInformationOverlay+Enable.m */,
				D4672DD722962B3B00A5DE44 /* Assemble */,
				D4672DDA22962B3B00A5DE44 /* Assets.xcassets */,
				D4672DDB22962B3B00A5DE44 /* Runtime */,
				D4672DE222962B3B00A5DE44 /* Carthage */,
				D4672DE522962B3B00A5DE44 /* ViewController.m */,
				D4672DE622962B3B00A5DE44 /* GCD */,
				D4672DE922962B3B00A5DE44 /* Crash */,
				D4672DEC22962B3B00A5DE44 /* Bug */,
				D4672DF722962B3B00A5DE44 /* WKWebview */,
				D4672DFB22962B3B00A5DE44 /* LaunchScreen.storyboard */,
				D4672DFD22962B3B00A5DE44 /* Main.storyboard */,
				D4672DFF22962B3B00A5DE44 /* URL */,
				D4672E0222962B3B00A5DE44 /* UIViewController */,
				D4672E0522962B3B00A5DE44 /* main.m */,
				D4672E0622962B3B00A5DE44 /* Double */,
				D4672E0922962B3B00A5DE44 /* AppDelegate.m */,
				D4672E0A22962B3B00A5DE44 /* SMLagMonitor */,
				D4672E2722962B3B00A5DE44 /* Keyword */,
				D4672E3122962B3B00A5DE44 /* CLanguage */,
				D4672E3422962B3B00A5DE44 /* Info.plist */,
				D4672E3522962B3B00A5DE44 /* MultiThread */,
				D4672E3822962B3B00A5DE44 /* ViewController.h */,
			);
			path = OfferApp;
			sourceTree = "<group>";
		};
		D4672DC422962B3B00A5DE44 /* CrashCollect */ = {
			isa = PBXGroup;
			children = (
				D4672DC522962B3B00A5DE44 /* CrashCollectVC.m */,
				D4672DC622962B3B00A5DE44 /* CrashCollectVC.h */,
			);
			path = CrashCollect;
			sourceTree = "<group>";
		};
		D4672DC722962B3B00A5DE44 /* Memory */ = {
			isa = PBXGroup;
			children = (
				D4672DC822962B3B00A5DE44 /* MemoryVC.h */,
				D4672DC922962B3B00A5DE44 /* MemoryObj.m */,
				D4672DCA22962B3B00A5DE44 /* MemoryObj.h */,
				D4672DCB22962B3B00A5DE44 /* MemoryVC.m */,
			);
			path = Memory;
			sourceTree = "<group>";
		};
		D4672DCC22962B3B00A5DE44 /* Runloop */ = {
			isa = PBXGroup;
			children = (
				D44C824B22B8E4C80001BB79 /* runloop.jpg */,
				D4672DCD22962B3B00A5DE44 /* RunloopVC.h */,
				D4672DCE22962B3B00A5DE44 /* RunloopVC.m */,
			);
			path = Runloop;
			sourceTree = "<group>";
		};
		D4672DCF22962B3B00A5DE44 /* Category */ = {
			isa = PBXGroup;
			children = (
				D4672DD022962B3B00A5DE44 /* UIViewController+Log.h */,
				D4672DD122962B3B00A5DE44 /* BaseViewController.m */,
				D4672DD222962B3B00A5DE44 /* Sub.h */,
				D4672DD322962B3B00A5DE44 /* UIViewController+Log.m */,
				D4672DD422962B3B00A5DE44 /* Sub.m */,
				D4672DD522962B3B00A5DE44 /* BaseViewController.h */,
			);
			path = Category;
			sourceTree = "<group>";
		};
		D4672DD722962B3B00A5DE44 /* Assemble */ = {
			isa = PBXGroup;
			children = (
				D4672DD822962B3B00A5DE44 /* AssembleVC.m */,
				D4672DD922962B3B00A5DE44 /* AssembleVC.h */,
			);
			path = Assemble;
			sourceTree = "<group>";
		};
		D4672DDB22962B3B00A5DE44 /* Runtime */ = {
			isa = PBXGroup;
			children = (
				D4672DDC22962B3B00A5DE44 /* RuntimeVC.m */,
				D4672DDD22962B3B00A5DE44 /* KVOViewController.m */,
				D4672DDE22962B3B00A5DE44 /* RPerson.h */,
				D4672DDF22962B3B00A5DE44 /* KVOViewController.h */,
				D4672DE022962B3B00A5DE44 /* RuntimeVC.h */,
				D4672DE122962B3B00A5DE44 /* RPerson.m */,
			);
			path = Runtime;
			sourceTree = "<group>";
		};
		D4672DE222962B3B00A5DE44 /* Carthage */ = {
			isa = PBXGroup;
			children = (
				D4672DE322962B3B00A5DE44 /* CarthageVC.m */,
				D4672DE422962B3B00A5DE44 /* CarthageVC.h */,
			);
			path = Carthage;
			sourceTree = "<group>";
		};
		D4672DE622962B3B00A5DE44 /* GCD */ = {
			isa = PBXGroup;
			children = (
				D4672DE722962B3B00A5DE44 /* GroupViewController.m */,
				D4672DE822962B3B00A5DE44 /* GroupViewController.h */,
			);
			path = GCD;
			sourceTree = "<group>";
		};
		D4672DE922962B3B00A5DE44 /* Crash */ = {
			isa = PBXGroup;
			children = (
				D4672DEA22962B3B00A5DE44 /* CrashVC.h */,
				D4672DEB22962B3B00A5DE44 /* CrashVC.m */,
			);
			path = Crash;
			sourceTree = "<group>";
		};
		D4672DEC22962B3B00A5DE44 /* Bug */ = {
			isa = PBXGroup;
			children = (
				D4672DED22962B3B00A5DE44 /* NumberItemCell.h */,
				D4672DEE22962B3B00A5DE44 /* CollectionOffsetBugVC.h */,
				D4672DEF22962B3B00A5DE44 /* BugVC.h */,
				D4672DF022962B3B00A5DE44 /* NumberCell.h */,
				D4672DF122962B3B00A5DE44 /* NumberViewModel.m */,
				D4672DF222962B3B00A5DE44 /* NumberItemCell.m */,
				D4672DF322962B3B00A5DE44 /* NumberCell.m */,
				D4672DF422962B3B00A5DE44 /* BugVC.m */,
				D4672DF522962B3B00A5DE44 /* CollectionOffsetBugVC.m */,
				D4672DF622962B3B00A5DE44 /* NumberViewModel.h */,
			);
			path = Bug;
			sourceTree = "<group>";
		};
		D4672DF722962B3B00A5DE44 /* WKWebview */ = {
			isa = PBXGroup;
			children = (
				D4672DF822962B3B00A5DE44 /* WebViewController.m */,
				D4672DF922962B3B00A5DE44 /* test.html */,
				D4672DFA22962B3B00A5DE44 /* WebViewController.h */,
			);
			path = WKWebview;
			sourceTree = "<group>";
		};
		D4672DFF22962B3B00A5DE44 /* URL */ = {
			isa = PBXGroup;
			children = (
				D4672E0022962B3B00A5DE44 /* UrlVC.h */,
				D4672E0122962B3B00A5DE44 /* UrlVC.m */,
			);
			path = URL;
			sourceTree = "<group>";
		};
		D4672E0222962B3B00A5DE44 /* UIViewController */ = {
			isa = PBXGroup;
			children = (
				D4672E0322962B3B00A5DE44 /* MyViewController.h */,
				D4672E0422962B3B00A5DE44 /* MyViewController.m */,
			);
			path = UIViewController;
			sourceTree = "<group>";
		};
		D4672E0622962B3B00A5DE44 /* Double */ = {
			isa = PBXGroup;
			children = (
				D4672E0722962B3B00A5DE44 /* DoubleDemoVC.m */,
				D4672E0822962B3B00A5DE44 /* DoubleDemoVC.h */,
			);
			path = Double;
			sourceTree = "<group>";
		};
		D4672E0A22962B3B00A5DE44 /* SMLagMonitor */ = {
			isa = PBXGroup;
			children = (
				D4672E0B22962B3B00A5DE44 /* SMStackCell.h */,
				D4672E0C22962B3B00A5DE44 /* SMCallStackModel.m */,
				D4672E0D22962B3B00A5DE44 /* SMCallTrace.h */,
				D4672E0E22962B3B00A5DE44 /* SMLagMonitor.h */,
				D4672E0F22962B3B00A5DE44 /* SMLagButton.m */,
				D4672E1022962B3B00A5DE44 /* SMLagDB.m */,
				D4672E1122962B3B00A5DE44 /* SMCallStack.h */,
				D4672E1222962B3B00A5DE44 /* SMCPUMonitor.m */,
				D4672E1322962B3B00A5DE44 /* SMStackViewController.h */,
				D4672E1422962B3B00A5DE44 /* SMCallTraceCore.h */,
				D4672E1522962B3B00A5DE44 /* SMClsCallCell.h */,
				D4672E1622962B3B00A5DE44 /* SMClsCallViewController.h */,
				D4672E1722962B3B00A5DE44 /* SMCallTraceTimeCostModel.m */,
				D4672E1822962B3B00A5DE44 /* SMCallLib.h */,
				D4672E1922962B3B00A5DE44 /* SMLagButton.h */,
				D4672E1A22962B3B00A5DE44 /* SMLagMonitor.m */,
				D4672E1B22962B3B00A5DE44 /* SMCallTrace.m */,
				D4672E1C22962B3B00A5DE44 /* SMCallStackModel.h */,
				D4672E1D22962B3B00A5DE44 /* SMStackCell.m */,
				D4672E1E22962B3B00A5DE44 /* SMStackViewController.m */,
				D4672E1F22962B3B00A5DE44 /* SMCallStack.m */,
				D4672E2022962B3B00A5DE44 /* SMCPUMonitor.h */,
				D4672E2122962B3B00A5DE44 /* SMLagDB.h */,
				D4672E2222962B3B00A5DE44 /* SMClsCallCell.m */,
				D4672E2322962B3B00A5DE44 /* SMCallTraceCore.c */,
				D4672E2422962B3B00A5DE44 /* SMCallLib.m */,
				D4672E2522962B3B00A5DE44 /* SMCallTraceTimeCostModel.h */,
				D4672E2622962B3B00A5DE44 /* SMClsCallViewController.m */,
			);
			path = SMLagMonitor;
			sourceTree = "<group>";
		};
		D4672E2722962B3B00A5DE44 /* Keyword */ = {
			isa = PBXGroup;
			children = (
				D4672E2822962B3B00A5DE44 /* KeywordVC.m */,
				D4672E2922962B3B00A5DE44 /* ClassVC.m */,
				D4672E2A22962B3B00A5DE44 /* ClassVC.h */,
				D4672E2B22962B3B00A5DE44 /* Super */,
				D4672E3022962B3B00A5DE44 /* KeywordVC.h */,
			);
			path = Keyword;
			sourceTree = "<group>";
		};
		D4672E2B22962B3B00A5DE44 /* Super */ = {
			isa = PBXGroup;
			children = (
				D4672E2C22962B3B00A5DE44 /* Son.h */,
				D4672E2D22962B3B00A5DE44 /* Father.m */,
				D4672E2E22962B3B00A5DE44 /* Son.m */,
				D4672E2F22962B3B00A5DE44 /* Father.h */,
			);
			path = Super;
			sourceTree = "<group>";
		};
		D4672E3122962B3B00A5DE44 /* CLanguage */ = {
			isa = PBXGroup;
			children = (
				D4672E3222962B3B00A5DE44 /* CViewController.h */,
				D4672E3322962B3B00A5DE44 /* CViewController.m */,
			);
			path = CLanguage;
			sourceTree = "<group>";
		};
		D4672E3522962B3B00A5DE44 /* MultiThread */ = {
			isa = PBXGroup;
			children = (
				D4672E3622962B3B00A5DE44 /* MultiThreadVC.h */,
				D4672E3722962B3B00A5DE44 /* MultiThreadVC.m */,
			);
			path = MultiThread;
			sourceTree = "<group>";
		};
		D47F28CB216EF5C800424800 = {
			isa = PBXGroup;
			children = (
				D4672DC222962B3B00A5DE44 /* OfferApp */,
				D47F28D5216EF5C800424800 /* Products */,
				01D04CA5CB6E3CDC7CFA2923 /* Pods */,
				632B53FC7AF156B85C23DD30 /* Frameworks */,
			);
			sourceTree = "<group>";
		};
		D47F28D5216EF5C800424800 /* Products */ = {
			isa = PBXGroup;
			children = (
				D47F28D4216EF5C800424800 /* OfferApp.app */,
			);
			name = Products;
			sourceTree = "<group>";
		};
/* End PBXGroup section */

/* Begin PBXNativeTarget section */
		D47F28D3216EF5C800424800 /* OfferApp */ = {
			isa = PBXNativeTarget;
			buildConfigurationList = D47F28EA216EF5CA00424800 /* Build configuration list for PBXNativeTarget "OfferApp" */;
			buildPhases = (
				50D98A9F024B9CE81B3BDEA6 /* [CP] Check Pods Manifest.lock */,
				D47F28D0216EF5C800424800 /* Sources */,
				D47F28D1216EF5C800424800 /* Frameworks */,
				D47F28D2216EF5C800424800 /* Resources */,
				6FE0C64A183114AB2F0BB527 /* [CP] Copy Pods Resources */,
			);
			buildRules = (
			);
			dependencies = (
			);
			name = OfferApp;
			productName = OfferApp;
			productReference = D47F28D4216EF5C800424800 /* OfferApp.app */;
			productType = "com.apple.product-type.application";
		};
/* End PBXNativeTarget section */

/* Begin PBXProject section */
		D47F28CC216EF5C800424800 /* Project object */ = {
			isa = PBXProject;
			attributes = {
				LastUpgradeCheck = 0940;
				ORGANIZATIONNAME = com.learn;
				TargetAttributes = {
					D47F28D3216EF5C800424800 = {
						CreatedOnToolsVersion = 9.4.1;
					};
				};
			};
			buildConfigurationList = D47F28CF216EF5C800424800 /* Build configuration list for PBXProject "OfferApp" */;
			compatibilityVersion = "Xcode 9.3";
			developmentRegion = en;
			hasScannedForEncodings = 0;
			knownRegions = (
				en,
				Base,
			);
			mainGroup = D47F28CB216EF5C800424800;
			productRefGroup = D47F28D5216EF5C800424800 /* Products */;
			projectDirPath = "";
			projectRoot = "";
			targets = (
				D47F28D3216EF5C800424800 /* OfferApp */,
			);
		};
/* End PBXProject section */

/* Begin PBXResourcesBuildPhase section */
		D47F28D2216EF5C800424800 /* Resources */ = {
			isa = PBXResourcesBuildPhase;
			buildActionMask = 2147483647;
			files = (
				D4672E5122962B3B00A5DE44 /* LaunchScreen.storyboard in Resources */,
				D4672E5022962B3B00A5DE44 /* test.html in Resources */,
				D4672E4222962B3B00A5DE44 /* Assets.xcassets in Resources */,
				D44C824C22B8E4C80001BB79 /* runloop.jpg in Resources */,
				D4672E6B22962B3B00A5DE44 /* Info.plist in Resources */,
				D4672E5222962B3B00A5DE44 /* Main.storyboard in Resources */,
			);
			runOnlyForDeploymentPostprocessing = 0;
		};
/* End PBXResourcesBuildPhase section */

/* Begin PBXShellScriptBuildPhase section */
		50D98A9F024B9CE81B3BDEA6 /* [CP] Check Pods Manifest.lock */ = {
			isa = PBXShellScriptBuildPhase;
			buildActionMask = 2147483647;
			files = (
			);
			inputPaths = (
				"${PODS_PODFILE_DIR_PATH}/Podfile.lock",
				"${PODS_ROOT}/Manifest.lock",
			);
			name = "[CP] Check Pods Manifest.lock";
			outputPaths = (
				"$(DERIVED_FILE_DIR)/Pods-OfferApp-checkManifestLockResult.txt",
			);
			runOnlyForDeploymentPostprocessing = 0;
			shellPath = /bin/sh;
			shellScript = "diff \"${PODS_PODFILE_DIR_PATH}/Podfile.lock\" \"${PODS_ROOT}/Manifest.lock\" > /dev/null\nif [ $? != 0 ] ; then\n    # print error to STDERR\n    echo \"error: The sandbox is not in sync with the Podfile.lock. Run 'pod install' or update your CocoaPods installation.\" >&2\n    exit 1\nfi\n# This output is used by Xcode 'outputs' to avoid re-running this script phase.\necho \"SUCCESS\" > \"${SCRIPT_OUTPUT_FILE_0}\"\n";
			showEnvVarsInLog = 0;
		};
		6FE0C64A183114AB2F0BB527 /* [CP] Copy Pods Resources */ = {
			isa = PBXShellScriptBuildPhase;
			buildActionMask = 2147483647;
			files = (
			);
			inputPaths = (
				"${SRCROOT}/Pods/Target Support Files/Pods-OfferApp/Pods-OfferApp-resources.sh",
				"${PODS_ROOT}/IQKeyboardManager/IQKeyboardManager/Resources/IQKeyboardManager.bundle",
				"${PODS_ROOT}/MJRefresh/MJRefresh/MJRefresh.bundle",
				"${PODS_ROOT}/SAMKeychain/Support/SAMKeychain.bundle",
				"${PODS_ROOT}/SVProgressHUD/SVProgressHUD/SVProgressHUD.bundle",
			);
			name = "[CP] Copy Pods Resources";
			outputPaths = (
				"${TARGET_BUILD_DIR}/${UNLOCALIZED_RESOURCES_FOLDER_PATH}/IQKeyboardManager.bundle",
				"${TARGET_BUILD_DIR}/${UNLOCALIZED_RESOURCES_FOLDER_PATH}/MJRefresh.bundle",
				"${TARGET_BUILD_DIR}/${UNLOCALIZED_RESOURCES_FOLDER_PATH}/SAMKeychain.bundle",
				"${TARGET_BUILD_DIR}/${UNLOCALIZED_RESOURCES_FOLDER_PATH}/SVProgressHUD.bundle",
			);
			runOnlyForDeploymentPostprocessing = 0;
			shellPath = /bin/sh;
			shellScript = "\"${SRCROOT}/Pods/Target Support Files/Pods-OfferApp/Pods-OfferApp-resources.sh\"\n";
			showEnvVarsInLog = 0;
		};
/* End PBXShellScriptBuildPhase section */

/* Begin PBXSourcesBuildPhase section */
		D47F28D0216EF5C800424800 /* Sources */ = {
			isa = PBXSourcesBuildPhase;
			buildActionMask = 2147483647;
			files = (
				D4672E4722962B3B00A5DE44 /* ViewController.m in Sources */,
				D4672E5922962B3B00A5DE44 /* SMLagButton.m in Sources */,
				D4672E6522962B3B00A5DE44 /* SMClsCallViewController.m in Sources */,
				D4672E3B22962B3B00A5DE44 /* MemoryVC.m in Sources */,
				D4672E6622962B3B00A5DE44 /* KeywordVC.m in Sources */,
				D4672E5722962B3B00A5DE44 /* AppDelegate.m in Sources */,
				D4672E6922962B3B00A5DE44 /* Son.m in Sources */,
				D4672E5F22962B3B00A5DE44 /* SMStackCell.m in Sources */,
				D4672E3E22962B3B00A5DE44 /* UIViewController+Log.m in Sources */,
				D4672E4822962B3B00A5DE44 /* GroupViewController.m in Sources */,
				D4672E6822962B3B00A5DE44 /* Father.m in Sources */,
				D4672E6022962B3B00A5DE44 /* SMStackViewController.m in Sources */,
				D4672E5A22962B3B00A5DE44 /* SMLagDB.m in Sources */,
				D4672E3D22962B3B00A5DE44 /* BaseViewController.m in Sources */,
				D4672E4422962B3B00A5DE44 /* KVOViewController.m in Sources */,
				D4672E5322962B3B00A5DE44 /* UrlVC.m in Sources */,
				D4672E3F22962B3B00A5DE44 /* Sub.m in Sources */,
				D4672E6322962B3B00A5DE44 /* SMCallTraceCore.c in Sources */,
				D4672E4B22962B3B00A5DE44 /* NumberItemCell.m in Sources */,
				D4672E5B22962B3B00A5DE44 /* SMCPUMonitor.m in Sources */,
				D4672E4E22962B3B00A5DE44 /* CollectionOffsetBugVC.m in Sources */,
				D4672E5622962B3B00A5DE44 /* DoubleDemoVC.m in Sources */,
				D4672E5D22962B3B00A5DE44 /* SMLagMonitor.m in Sources */,
				D4672E4522962B3B00A5DE44 /* RPerson.m in Sources */,
				D4672E3A22962B3B00A5DE44 /* MemoryObj.m in Sources */,
				D4672E6122962B3B00A5DE44 /* SMCallStack.m in Sources */,
				D4672E4622962B3B00A5DE44 /* CarthageVC.m in Sources */,
				D4672E4322962B3B00A5DE44 /* RuntimeVC.m in Sources */,
				D4672E5822962B3B00A5DE44 /* SMCallStackModel.m in Sources */,
				D4672E4F22962B3B00A5DE44 /* WebViewController.m in Sources */,
				D4672E5522962B3B00A5DE44 /* main.m in Sources */,
				D4672E4C22962B3B00A5DE44 /* NumberCell.m in Sources */,
				D4672E6A22962B3B00A5DE44 /* CViewController.m in Sources */,
				D4672E4022962B3B00A5DE44 /* UIDebuggingInformationOverlay+Enable.m in Sources */,
				D4672E4A22962B3B00A5DE44 /* NumberViewModel.m in Sources */,
				D4672E6722962B3B00A5DE44 /* ClassVC.m in Sources */,
				D4672E5C22962B3B00A5DE44 /* SMCallTraceTimeCostModel.m in Sources */,
				D4672E5422962B3B00A5DE44 /* MyViewController.m in Sources */,
				D4672E6C22962B3B00A5DE44 /* MultiThreadVC.m in Sources */,
				D4672E3C22962B3B00A5DE44 /* RunloopVC.m in Sources */,
				D4672E6422962B3B00A5DE44 /* SMCallLib.m in Sources */,
				D4672E3922962B3B00A5DE44 /* CrashCollectVC.m in Sources */,
				D4672E4D22962B3B00A5DE44 /* BugVC.m in Sources */,
				D4672E4922962B3B00A5DE44 /* CrashVC.m in Sources */,
				D4672E4122962B3B00A5DE44 /* AssembleVC.m in Sources */,
				D4672E6222962B3B00A5DE44 /* SMClsCallCell.m in Sources */,
				D4672E5E22962B3B00A5DE44 /* SMCallTrace.m in Sources */,
			);
			runOnlyForDeploymentPostprocessing = 0;
		};
/* End PBXSourcesBuildPhase section */

/* Begin PBXVariantGroup section */
		D4672DFB22962B3B00A5DE44 /* LaunchScreen.storyboard */ = {
			isa = PBXVariantGroup;
			children = (
				D4672DFC22962B3B00A5DE44 /* Base */,
			);
			name = LaunchScreen.storyboard;
			sourceTree = "<group>";
		};
		D4672DFD22962B3B00A5DE44 /* Main.storyboard */ = {
			isa = PBXVariantGroup;
			children = (
				D4672DFE22962B3B00A5DE44 /* Base */,
			);
			name = Main.storyboard;
			sourceTree = "<group>";
		};
/* End PBXVariantGroup section */

/* Begin XCBuildConfiguration section */
		D47F28E8216EF5CA00424800 /* Debug */ = {
			isa = XCBuildConfiguration;
			buildSettings = {
				ALWAYS_SEARCH_USER_PATHS = NO;
				CLANG_ANALYZER_NONNULL = YES;
				CLANG_ANALYZER_NUMBER_OBJECT_CONVERSION = YES_AGGRESSIVE;
				CLANG_CXX_LANGUAGE_STANDARD = "gnu++14";
				CLANG_CXX_LIBRARY = "libc++";
				CLANG_ENABLE_MODULES = YES;
				CLANG_ENABLE_OBJC_ARC = YES;
				CLANG_ENABLE_OBJC_WEAK = YES;
				CLANG_WARN_BLOCK_CAPTURE_AUTORELEASING = YES;
				CLANG_WARN_BOOL_CONVERSION = YES;
				CLANG_WARN_COMMA = YES;
				CLANG_WARN_CONSTANT_CONVERSION = YES;
				CLANG_WARN_DEPRECATED_OBJC_IMPLEMENTATIONS = YES;
				CLANG_WARN_DIRECT_OBJC_ISA_USAGE = YES_ERROR;
				CLANG_WARN_DOCUMENTATION_COMMENTS = YES;
				CLANG_WARN_EMPTY_BODY = YES;
				CLANG_WARN_ENUM_CONVERSION = YES;
				CLANG_WARN_INFINITE_RECURSION = YES;
				CLANG_WARN_INT_CONVERSION = YES;
				CLANG_WARN_NON_LITERAL_NULL_CONVERSION = YES;
				CLANG_WARN_OBJC_IMPLICIT_RETAIN_SELF = YES;
				CLANG_WARN_OBJC_LITERAL_CONVERSION = YES;
				CLANG_WARN_OBJC_ROOT_CLASS = YES_ERROR;
				CLANG_WARN_RANGE_LOOP_ANALYSIS = YES;
				CLANG_WARN_STRICT_PROTOTYPES = YES;
				CLANG_WARN_SUSPICIOUS_MOVE = YES;
				CLANG_WARN_UNGUARDED_AVAILABILITY = YES_AGGRESSIVE;
				CLANG_WARN_UNREACHABLE_CODE = YES;
				CLANG_WARN__DUPLICATE_METHOD_MATCH = YES;
				CODE_SIGN_IDENTITY = "iPhone Developer";
				COPY_PHASE_STRIP = NO;
				DEBUG_INFORMATION_FORMAT = dwarf;
				ENABLE_STRICT_OBJC_MSGSEND = YES;
				ENABLE_TESTABILITY = YES;
				GCC_C_LANGUAGE_STANDARD = gnu11;
				GCC_DYNAMIC_NO_PIC = NO;
				GCC_NO_COMMON_BLOCKS = YES;
				GCC_OPTIMIZATION_LEVEL = 0;
				GCC_PREPROCESSOR_DEFINITIONS = (
					"DEBUG=1",
					"$(inherited)",
				);
				GCC_WARN_64_TO_32_BIT_CONVERSION = YES;
				GCC_WARN_ABOUT_RETURN_TYPE = YES_ERROR;
				GCC_WARN_UNDECLARED_SELECTOR = YES;
				GCC_WARN_UNINITIALIZED_AUTOS = YES_AGGRESSIVE;
				GCC_WARN_UNUSED_FUNCTION = YES;
				GCC_WARN_UNUSED_VARIABLE = YES;
				IPHONEOS_DEPLOYMENT_TARGET = 11.4;
				MTL_ENABLE_DEBUG_INFO = YES;
				ONLY_ACTIVE_ARCH = YES;
				SDKROOT = iphoneos;
			};
			name = Debug;
		};
		D47F28E9216EF5CA00424800 /* Release */ = {
			isa = XCBuildConfiguration;
			buildSettings = {
				ALWAYS_SEARCH_USER_PATHS = NO;
				CLANG_ANALYZER_NONNULL = YES;
				CLANG_ANALYZER_NUMBER_OBJECT_CONVERSION = YES_AGGRESSIVE;
				CLANG_CXX_LANGUAGE_STANDARD = "gnu++14";
				CLANG_CXX_LIBRARY = "libc++";
				CLANG_ENABLE_MODULES = YES;
				CLANG_ENABLE_OBJC_ARC = YES;
				CLANG_ENABLE_OBJC_WEAK = YES;
				CLANG_WARN_BLOCK_CAPTURE_AUTORELEASING = YES;
				CLANG_WARN_BOOL_CONVERSION = YES;
				CLANG_WARN_COMMA = YES;
				CLANG_WARN_CONSTANT_CONVERSION = YES;
				CLANG_WARN_DEPRECATED_OBJC_IMPLEMENTATIONS = YES;
				CLANG_WARN_DIRECT_OBJC_ISA_USAGE = YES_ERROR;
				CLANG_WARN_DOCUMENTATION_COMMENTS = YES;
				CLANG_WARN_EMPTY_BODY = YES;
				CLANG_WARN_ENUM_CONVERSION = YES;
				CLANG_WARN_INFINITE_RECURSION = YES;
				CLANG_WARN_INT_CONVERSION = YES;
				CLANG_WARN_NON_LITERAL_NULL_CONVERSION = YES;
				CLANG_WARN_OBJC_IMPLICIT_RETAIN_SELF = YES;
				CLANG_WARN_OBJC_LITERAL_CONVERSION = YES;
				CLANG_WARN_OBJC_ROOT_CLASS = YES_ERROR;
				CLANG_WARN_RANGE_LOOP_ANALYSIS = YES;
				CLANG_WARN_STRICT_PROTOTYPES = YES;
				CLANG_WARN_SUSPICIOUS_MOVE = YES;
				CLANG_WARN_UNGUARDED_AVAILABILITY = YES_AGGRESSIVE;
				CLANG_WARN_UNREACHABLE_CODE = YES;
				CLANG_WARN__DUPLICATE_METHOD_MATCH = YES;
				CODE_SIGN_IDENTITY = "iPhone Developer";
				COPY_PHASE_STRIP = NO;
				DEBUG_INFORMATION_FORMAT = "dwarf-with-dsym";
				ENABLE_NS_ASSERTIONS = NO;
				ENABLE_STRICT_OBJC_MSGSEND = YES;
				GCC_C_LANGUAGE_STANDARD = gnu11;
				GCC_NO_COMMON_BLOCKS = YES;
				GCC_WARN_64_TO_32_BIT_CONVERSION = YES;
				GCC_WARN_ABOUT_RETURN_TYPE = YES_ERROR;
				GCC_WARN_UNDECLARED_SELECTOR = YES;
				GCC_WARN_UNINITIALIZED_AUTOS = YES_AGGRESSIVE;
				GCC_WARN_UNUSED_FUNCTION = YES;
				GCC_WARN_UNUSED_VARIABLE = YES;
				IPHONEOS_DEPLOYMENT_TARGET = 11.4;
				MTL_ENABLE_DEBUG_INFO = NO;
				SDKROOT = iphoneos;
				VALIDATE_PRODUCT = YES;
			};
			name = Release;
		};
		D47F28EB216EF5CA00424800 /* Debug */ = {
			isa = XCBuildConfiguration;
			baseConfigurationReference = 3EDEADCF0F9B431238999766 /* Pods-OfferApp.debug.xcconfig */;
			buildSettings = {
				ASSETCATALOG_COMPILER_APPICON_NAME = AppIcon;
				CODE_SIGN_STYLE = Automatic;
				DEVELOPMENT_TEAM = BN7E4W99SM;
				FRAMEWORK_SEARCH_PATHS = (
					"$(inherited)",
					"$(PROJECT_DIR)/Carthage/Build/iOS",
				);
				INFOPLIST_FILE = OfferApp/Info.plist;
				LD_RUNPATH_SEARCH_PATHS = (
					"$(inherited)",
					"@executable_path/Frameworks",
				);
				PRODUCT_BUNDLE_IDENTIFIER = com.learn.OfferApp;
				PRODUCT_NAME = "$(TARGET_NAME)";
				TARGETED_DEVICE_FAMILY = "1,2";
			};
			name = Debug;
		};
		D47F28EC216EF5CA00424800 /* Release */ = {
			isa = XCBuildConfiguration;
			baseConfigurationReference = 6EF2A1949D334438935EFF19 /* Pods-OfferApp.release.xcconfig */;
			buildSettings = {
				ASSETCATALOG_COMPILER_APPICON_NAME = AppIcon;
				CODE_SIGN_STYLE = Automatic;
				DEVELOPMENT_TEAM = BN7E4W99SM;
				FRAMEWORK_SEARCH_PATHS = (
					"$(inherited)",
					"$(PROJECT_DIR)/Carthage/Build/iOS",
				);
				INFOPLIST_FILE = OfferApp/Info.plist;
				LD_RUNPATH_SEARCH_PATHS = (
					"$(inherited)",
					"@executable_path/Frameworks",
				);
				PRODUCT_BUNDLE_IDENTIFIER = com.learn.OfferApp;
				PRODUCT_NAME = "$(TARGET_NAME)";
				TARGETED_DEVICE_FAMILY = "1,2";
			};
			name = Release;
		};
/* End XCBuildConfiguration section */

/* Begin XCConfigurationList section */
		D47F28CF216EF5C800424800 /* Build configuration list for PBXProject "OfferApp" */ = {
			isa = XCConfigurationList;
			buildConfigurations = (
				D47F28E8216EF5CA00424800 /* Debug */,
				D47F28E9216EF5CA00424800 /* Release */,
			);
			defaultConfigurationIsVisible = 0;
			defaultConfigurationName = Release;
		};
		D47F28EA216EF5CA00424800 /* Build configuration list for PBXNativeTarget "OfferApp" */ = {
			isa = XCConfigurationList;
			buildConfigurations = (
				D47F28EB216EF5CA00424800 /* Debug */,
				D47F28EC216EF5CA00424800 /* Release */,
			);
			defaultConfigurationIsVisible = 0;
			defaultConfigurationName = Release;
		};
/* End XCConfigurationList section */
	};
	rootObject = D47F28CC216EF5C800424800 /* Project object */;
}
